PODS:
  - Bolts/Tasks (1.6.0)
  - CocoaLumberjack (2.2.0):
    - CocoaLumberjack/Default (= 2.2.0)
    - CocoaLumberjack/Extensions (= 2.2.0)
  - CocoaLumberjack/Core (2.2.0)
  - CocoaLumberjack/Default (2.2.0):
    - CocoaLumberjack/Core
  - CocoaLumberjack/Extensions (2.2.0):
    - CocoaLumberjack/Default
  - Parse (1.13.0):
    - Bolts/Tasks (~> 1.6)

DEPENDENCIES:
  - CocoaLumberjack
  - Parse

SPEC CHECKSUMS:
  Bolts: f52a250053bb517ca874523c3913776359ab3def
  CocoaLumberjack: 17fe8581f84914d5d7e6360f7c70022b173c3ae0
  Parse: f51c24d2feb412e4b2d6cc73d37cb24e8d0089bc

COCOAPODS: 0.39.0
