PODS:
  - BCVideoPlayer (0.1.0)
  - CocoaLumberjack (2.3.0):
    - CocoaLumberjack/Default (= 2.3.0)
    - CocoaLumberjack/Extensions (= 2.3.0)
  - CocoaLumberjack/Core (2.3.0)
  - CocoaLumberjack/Default (2.3.0):
    - CocoaLumberjack/Core
  - CocoaLumberjack/Extensions (2.3.0):
    - CocoaLumberjack/Default
  - Crashlytics (3.7.0):
    - Fabric (~> 1.6.3)
  - Fabric (1.6.7)
  - HexColors (2.3.0)
  - JSONModel (1.2.0)
  - Li5Api (0.0.1):
    - JSONModel
    - SSKeychain
  - Masonry (1.0.0)
  - SDWebImage (3.7.6):
    - SDWebImage/Core (= 3.7.6)
  - SDWebImage/Core (3.7.6)
  - SMPageControl (1.2)
  - SSKeychain (1.4.0)
  - TSMessages (0.9.13):
    - HexColors (~> 2.3.0)

DEPENDENCIES:
  - BCVideoPlayer (from `../BCPlayerView`)
  - CocoaLumberjack
  - Crashlytics
  - Fabric
  - Li5Api (from `../li5-api-ios`)
  - Masonry
  - SDWebImage (~> 3.7)
  - SMPageControl
  - TSMessages (from `git@github.com:KrauseFx/TSMessages.git`)

EXTERNAL SOURCES:
  BCVideoPlayer:
    :path: ../BCPlayerView
  Li5Api:
    :path: ../li5-api-ios
  TSMessages:
    :git: git@github.com:KrauseFx/TSMessages.git

CHECKOUT OPTIONS:
  TSMessages:
    :commit: e63f23304f781dcadbac31e6d338f3105fb3cd78
    :git: git@github.com:KrauseFx/TSMessages.git

SPEC CHECKSUMS:
  BCVideoPlayer: 6d401388bf1e0ad58e6aa8ebb76e1930e0863372
  CocoaLumberjack: 97fab7ee5f507fe54445cca7ea80f926729cfd15
  Crashlytics: c3a2333dea9e2733d2777f730910321fc9e25c0d
  Fabric: caf7580c725e64db144f610ac65cd60956911dc7
  HexColors: 6ad3947c3447a055a3aa8efa859def096351fe5f
  JSONModel: 12523685c4b623553ccf844bbbf7007624317b2c
  Li5Api: 3f125e1964ff1227e35beba90f52594e6e0176af
  Masonry: b529bb169217897b6354d4b56b1fada6d475b13d
  SDWebImage: c325cf02c30337336b95beff20a13df489ec0ec9
  SMPageControl: 922892813001cfaf059e86e6801f46a967e9ee29
  SSKeychain: c71293fa57216a40ab06c23f4085387583293de4
  TSMessages: 6e403b790139636c15ab4f51946537095e03e79c

PODFILE CHECKSUM: 6d26641401c4a928f24627e8eefaa3ae79d14dec

COCOAPODS: 1.0.0
