// !$*UTF8*$!
{
	archiveVersion = 1;
	classes = {
	};
	objectVersion = 46;
	objects = {

/* Begin PBXBuildFile section */
		28544A62245B9F3093B0C879 /* Pods_Li5SDK.framework in Frameworks */ = {isa = PBXBuildFile; fileRef = C9E898E5E76AA7BABBE01F9E /* Pods_Li5SDK.framework */; };
		2B404C711EC6111C00C2BA1D /* ProductPageViews.storyboard in Resources */ = {isa = PBXBuildFile; fileRef = 5B613DA01E43F4A9006C3A9F /* ProductPageViews.storyboard */; };
		2B44F4F01EBAC4CF00AB18A0 /* AppDelegate.swift in Sources */ = {isa = PBXBuildFile; fileRef = 2B44F4EF1EBAC4CF00AB18A0 /* AppDelegate.swift */; };
		2B44F4F21EBAC4CF00AB18A0 /* ViewController.swift in Sources */ = {isa = PBXBuildFile; fileRef = 2B44F4F11EBAC4CF00AB18A0 /* ViewController.swift */; };
		2B44F4F51EBAC4CF00AB18A0 /* Main.storyboard in Resources */ = {isa = PBXBuildFile; fileRef = 2B44F4F31EBAC4CF00AB18A0 /* Main.storyboard */; };
		2B44F4F71EBAC4CF00AB18A0 /* Assets.xcassets in Resources */ = {isa = PBXBuildFile; fileRef = 2B44F4F61EBAC4CF00AB18A0 /* Assets.xcassets */; };
		2B44F4FA1EBAC4CF00AB18A0 /* LaunchScreen.storyboard in Resources */ = {isa = PBXBuildFile; fileRef = 2B44F4F81EBAC4CF00AB18A0 /* LaunchScreen.storyboard */; };
		2B44F51F1EBB454400AB18A0 /* Li5SDK.framework in Resources */ = {isa = PBXBuildFile; fileRef = 2BA593381EB4258D0065FDD9 /* Li5SDK.framework */; };
		2B44F5401EBB569800AB18A0 /* Li5SDK.framework in Frameworks */ = {isa = PBXBuildFile; fileRef = 2BA593381EB4258D0065FDD9 /* Li5SDK.framework */; };
		2B44F5411EBB569800AB18A0 /* Li5SDK.framework in Embed Frameworks */ = {isa = PBXBuildFile; fileRef = 2BA593381EB4258D0065FDD9 /* Li5SDK.framework */; settings = {ATTRIBUTES = (CodeSignOnCopy, RemoveHeadersOnCopy, ); }; };
		2B477EC11EC6C38200C9F10D /* ProductPageActionsView.xib in Resources */ = {isa = PBXBuildFile; fileRef = 5B613DA51E43F4B2006C3A9F /* ProductPageActionsView.xib */; };
		2B4D4F891EB9899A00B23EA8 /* DetailsHTMLViewController.swift in Sources */ = {isa = PBXBuildFile; fileRef = 5B22CB7D1E84327B00DC8399 /* DetailsHTMLViewController.swift */; };
		2B84CD0D1EE835BE0011F061 /* PaginatorViewController.swift in Sources */ = {isa = PBXBuildFile; fileRef = 2B84CD0C1EE835BE0011F061 /* PaginatorViewController.swift */; };
		2B84CD141EE837DC0011F061 /* PaginatorViewControllerDataSource.swift in Sources */ = {isa = PBXBuildFile; fileRef = 2B84CD131EE837DC0011F061 /* PaginatorViewControllerDataSource.swift */; };
		2B84CD161EE838680011F061 /* PaginatorViewControllerDelegate.swift in Sources */ = {isa = PBXBuildFile; fileRef = 2B84CD151EE838680011F061 /* PaginatorViewControllerDelegate.swift */; };
		2B84CD181EE838800011F061 /* UIKit.framework in Frameworks */ = {isa = PBXBuildFile; fileRef = 2B84CD171EE838800011F061 /* UIKit.framework */; };
		2B84CD1A1EE842A90011F061 /* PageViewController.xib in Resources */ = {isa = PBXBuildFile; fileRef = 2B84CD191EE842A90011F061 /* PageViewController.xib */; };
		2B84CD1C1EE8C6C70011F061 /* Displayable.swift in Sources */ = {isa = PBXBuildFile; fileRef = 2B84CD1B1EE8C6C70011F061 /* Displayable.swift */; };
		2B96A1451EE6CD0A00093EA3 /* ProductPageViewController.swift in Sources */ = {isa = PBXBuildFile; fileRef = 2B96A1441EE6CD0A00093EA3 /* ProductPageViewController.swift */; };
		2B96A1471EE6E01400093EA3 /* PrimeTimeViewControllerDataSource.swift in Sources */ = {isa = PBXBuildFile; fileRef = 2B96A1461EE6E01400093EA3 /* PrimeTimeViewControllerDataSource.swift */; };
		2B96A1491EE6F2A500093EA3 /* PrimeTimeViewController.swift in Sources */ = {isa = PBXBuildFile; fileRef = 2B96A1481EE6F2A500093EA3 /* PrimeTimeViewController.swift */; };
		2B9CEDC31EC7D29700B6BA73 /* DiscoverViews.storyboard in Resources */ = {isa = PBXBuildFile; fileRef = 5B613D851E43F459006C3A9F /* DiscoverViews.storyboard */; };
		2BA593481EB4258E0065FDD9 /* Li5SDK.h in Headers */ = {isa = PBXBuildFile; fileRef = 2BA5933A1EB4258D0065FDD9 /* Li5SDK.h */; settings = {ATTRIBUTES = (Public, ); }; };
		2BA5934F1EB426220065FDD9 /* Li5SDK.swift in Sources */ = {isa = PBXBuildFile; fileRef = 2BA593321EB425190065FDD9 /* Li5SDK.swift */; };
		2BA593661EB4275D0065FDD9 /* SpinnerViewController.m in Sources */ = {isa = PBXBuildFile; fileRef = 5BE00A1B1D108CFA00C8E72F /* SpinnerViewController.m */; };
		2BA5936C1EB4275D0065FDD9 /* IndexedViewController.m in Sources */ = {isa = PBXBuildFile; fileRef = 5B8625CE1C763CE4006869DE /* IndexedViewController.m */; };
		2BA593701EB4275D0065FDD9 /* SwipeLeftToBeginViewController.m in Sources */ = {isa = PBXBuildFile; fileRef = 5B360E9A1D086389004B3691 /* SwipeLeftToBeginViewController.m */; };
		2BA593711EB4275D0065FDD9 /* SinnerView.swift in Sources */ = {isa = PBXBuildFile; fileRef = 5B6B53A01E85BEDE00CE9FD9 /* SinnerView.swift */; };
		2BA5938F1EB4275D0065FDD9 /* ProductsListView.m in Sources */ = {isa = PBXBuildFile; fileRef = 5BAB34FA1CF105F100AE74DC /* ProductsListView.m */; };
		2BA593911EB4275D0065FDD9 /* ProductsCollectionViewCell.m in Sources */ = {isa = PBXBuildFile; fileRef = 9C5AA8111CD02E7100F3DE08 /* ProductsCollectionViewCell.m */; };
		2BA593931EB4275D0065FDD9 /* HorizontalUICollectionViewFlowLayout.m in Sources */ = {isa = PBXBuildFile; fileRef = 5B427E111CECB954000EF9E5 /* HorizontalUICollectionViewFlowLayout.m */; };
		2BA5939A1EB4275D0065FDD9 /* ProductPageActionsView.m in Sources */ = {isa = PBXBuildFile; fileRef = 5BBC61E11D047508006B4C68 /* ProductPageActionsView.m */; };
		2BA5939C1EB4275D0065FDD9 /* Heart.m in Sources */ = {isa = PBXBuildFile; fileRef = 5B983CD71D356B9C00D0A3C0 /* Heart.m */; };
		2BA5939D1EB4275D0065FDD9 /* HeartAnimationView.swift in Sources */ = {isa = PBXBuildFile; fileRef = 5B983CD81D356B9C00D0A3C0 /* HeartAnimationView.swift */; };
		2BA593A31EB4275D0065FDD9 /* ShareExplainerUIViewController.m in Sources */ = {isa = PBXBuildFile; fileRef = 5BE6009E1E1564DB007553B8 /* ShareExplainerUIViewController.m */; };
		2BA593AB1EB4275D0065FDD9 /* TeaserViewController.m in Sources */ = {isa = PBXBuildFile; fileRef = 5BB4AAC71C4D60B9002C22C8 /* TeaserViewController.m */; };
		2BA593AE1EB4275D0065FDD9 /* UnlockedViewController.m in Sources */ = {isa = PBXBuildFile; fileRef = 5B75519C1CCFAECE007FAF67 /* UnlockedViewController.m */; };
		2BA593B01EB4275D0065FDD9 /* SliderFluidView.m in Sources */ = {isa = PBXBuildFile; fileRef = 5B983CCF1D3418B100D0A3C0 /* SliderFluidView.m */; };
		2BA593B21EB4275D0065FDD9 /* BAFluidView.m in Sources */ = {isa = PBXBuildFile; fileRef = 5B983CBF1D33E97E00D0A3C0 /* BAFluidView.m */; };
		2BA593B51EB4275D0065FDD9 /* UIColor+ColorWithHex.m in Sources */ = {isa = PBXBuildFile; fileRef = 5B983CC21D33E97E00D0A3C0 /* UIColor+ColorWithHex.m */; };
		2BA593B71EB4275D0065FDD9 /* Li5PlayerUISlider.m in Sources */ = {isa = PBXBuildFile; fileRef = 5B7551941CCE7433007FAF67 /* Li5PlayerUISlider.m */; };
		2BA593B91EB4275D0065FDD9 /* Li5PlayerTimer.m in Sources */ = {isa = PBXBuildFile; fileRef = 5BBC66E81D00A777001BE4BB /* Li5PlayerTimer.m */; };
		2BA593BA1EB4275D0065FDD9 /* Wave.swift in Sources */ = {isa = PBXBuildFile; fileRef = 5B5C79401D25CBAA009CF5D7 /* Wave.swift */; };
		2BA593BB1EB4275D0065FDD9 /* ThinPlayerProgressView.swift in Sources */ = {isa = PBXBuildFile; fileRef = 5B7383391E81B5B10038840A /* ThinPlayerProgressView.swift */; };
		2BA593BC1EB4275D0065FDD9 /* ThinSliderView.swift in Sources */ = {isa = PBXBuildFile; fileRef = 5B23E8531E8D4AEC0015A14A /* ThinSliderView.swift */; };
		2BA593BE1EB4275D0065FDD9 /* ImageUICollectionViewCell.m in Sources */ = {isa = PBXBuildFile; fileRef = 5B625C6A1D05D602001CA076 /* ImageUICollectionViewCell.m */; };
		2BA593C01EB4275D0065FDD9 /* DetailsViewController.m in Sources */ = {isa = PBXBuildFile; fileRef = 5BB4AB161C4FC631002C22C8 /* DetailsViewController.m */; };
		2BA593C21EB4275D0065FDD9 /* ImageCardViewController.m in Sources */ = {isa = PBXBuildFile; fileRef = 5B08C44A1D1478710090FFCC /* ImageCardViewController.m */; };
		2BA593C41EB4275D0065FDD9 /* DetailsDescriptionViewController.m in Sources */ = {isa = PBXBuildFile; fileRef = 5BBF17A61D18659700680738 /* DetailsDescriptionViewController.m */; };
		2BA593C61EB4275D0065FDD9 /* SwipeUpExplainerUIViewController.m in Sources */ = {isa = PBXBuildFile; fileRef = 5B2A25001D492F5900DCA209 /* SwipeUpExplainerUIViewController.m */; };
		2BA593EB1EB4275D0065FDD9 /* ShapesHelper.m in Sources */ = {isa = PBXBuildFile; fileRef = 5B602C851C5A6A9F00F0D362 /* ShapesHelper.m */; };
		2BA593ED1EB4275D0065FDD9 /* ImageHelper.m in Sources */ = {isa = PBXBuildFile; fileRef = EF188E481D3EAB45002E173E /* ImageHelper.m */; };
		2BA593EE1EB4275D0065FDD9 /* DeviceManager.swift in Sources */ = {isa = PBXBuildFile; fileRef = 5BBDBA071E9680E800F8CA81 /* DeviceManager.swift */; };
		2BA593F41EB4275D0065FDD9 /* NSObject+Li5.m in Sources */ = {isa = PBXBuildFile; fileRef = 5B06F3C31CFA410A007FA3AB /* NSObject+Li5.m */; };
		2BA593F61EB4275D0065FDD9 /* UIColor+Li5UIColor.m in Sources */ = {isa = PBXBuildFile; fileRef = 5BE693731CF4C39800445439 /* UIColor+Li5UIColor.m */; };
		2BA593F81EB4275D0065FDD9 /* UIImage+Li5.m in Sources */ = {isa = PBXBuildFile; fileRef = 5B06F3CA1CFA44AA007FA3AB /* UIImage+Li5.m */; };
		2BA593FA1EB4275D0065FDD9 /* UILabel+Li5.m in Sources */ = {isa = PBXBuildFile; fileRef = 5B625C711D05F26D001CA076 /* UILabel+Li5.m */; };
		2BA593FC1EB4275D0065FDD9 /* UIView+Li5.m in Sources */ = {isa = PBXBuildFile; fileRef = 5B1EA3051D1C832300EA8519 /* UIView+Li5.m */; };
		2BA593FE1EB4275D0065FDD9 /* UIViewController+Indexed.m in Sources */ = {isa = PBXBuildFile; fileRef = 5BE177171D1F079000CF30BF /* UIViewController+Indexed.m */; };
		2BA594001EB4275D0065FDD9 /* UIBezierPath+UIImage.m in Sources */ = {isa = PBXBuildFile; fileRef = 5B5C793A1D25C120009CF5D7 /* UIBezierPath+UIImage.m */; };
		2BA594011EB4275D0065FDD9 /* CardStackUICollectionViewLayout.swift in Sources */ = {isa = PBXBuildFile; fileRef = 5B08C4431D1476C40090FFCC /* CardStackUICollectionViewLayout.swift */; };
		2BA594031EB4275D0065FDD9 /* CardUICollectionViewCell.m in Sources */ = {isa = PBXBuildFile; fileRef = 5B08C4521D1479800090FFCC /* CardUICollectionViewCell.m */; };
		2BA594051EB4275D0065FDD9 /* CardUIView.m in Sources */ = {isa = PBXBuildFile; fileRef = 5BBF179E1D1848FA00680738 /* CardUIView.m */; };
		2BA594071EB4275D0065FDD9 /* Li5View.m in Sources */ = {isa = PBXBuildFile; fileRef = 5BAB34ED1CF1015C00AE74DC /* Li5View.m */; };
		2BA594091EB4275D0065FDD9 /* Li5GradientView.m in Sources */ = {isa = PBXBuildFile; fileRef = 5BBC66D81CFF2D39001BE4BB /* Li5GradientView.m */; };
		2BA5940B1EB4275D0065FDD9 /* Li5BlurredView.m in Sources */ = {isa = PBXBuildFile; fileRef = 5BBC66E31CFF64F6001BE4BB /* Li5BlurredView.m */; };
		2BA5940D1EB4275D0065FDD9 /* Li5VolumeView.m in Sources */ = {isa = PBXBuildFile; fileRef = 5B5134F91D1304C300EE374C /* Li5VolumeView.m */; };
		2BA594101EB4275D0065FDD9 /* Li5LoggerFormatter.m in Sources */ = {isa = PBXBuildFile; fileRef = 5B7551BA1CCFED36007FAF67 /* Li5LoggerFormatter.m */; };
		2BA594121EB4275D0065FDD9 /* CrashlyticsLogger.m in Sources */ = {isa = PBXBuildFile; fileRef = 5B2617521CEA12B200B51593 /* CrashlyticsLogger.m */; };
		2BA594141EB4275D0065FDD9 /* Li5BCLoggerDelegate.m in Sources */ = {isa = PBXBuildFile; fileRef = 5B5134DA1D12FCE900EE374C /* Li5BCLoggerDelegate.m */; };
		2BA594161EB4275D0065FDD9 /* Li5Constants.m in Sources */ = {isa = PBXBuildFile; fileRef = 5B360EA81D087524004B3691 /* Li5Constants.m */; };
		2BA594201EB42C370065FDD9 /* Heart.h in Headers */ = {isa = PBXBuildFile; fileRef = 5B983CD61D356B9C00D0A3C0 /* Heart.h */; settings = {ATTRIBUTES = (Public, ); }; };
		2BA5942E1EB42D4F0065FDD9 /* DetailsViewController.h in Headers */ = {isa = PBXBuildFile; fileRef = 5BB4AB151C4FC631002C22C8 /* DetailsViewController.h */; settings = {ATTRIBUTES = (Public, ); }; };
		2BA5942F1EB42D820065FDD9 /* ProductPageProtocol.h in Headers */ = {isa = PBXBuildFile; fileRef = 5B9584DE1C6D23FB00026BB2 /* ProductPageProtocol.h */; settings = {ATTRIBUTES = (Public, ); }; };
		2BA594301EB42D920065FDD9 /* ShapesHelper.h in Headers */ = {isa = PBXBuildFile; fileRef = 5B602C841C5A6A9F00F0D362 /* ShapesHelper.h */; settings = {ATTRIBUTES = (Public, ); }; };
		2BA594311EB42DA70065FDD9 /* IndexedViewController.h in Headers */ = {isa = PBXBuildFile; fileRef = 5B8625CD1C763CE4006869DE /* IndexedViewController.h */; settings = {ATTRIBUTES = (Public, ); }; };
		2BA594321EB42DB50065FDD9 /* UIColor+Li5UIColor.h in Headers */ = {isa = PBXBuildFile; fileRef = 5BE693721CF4C39800445439 /* UIColor+Li5UIColor.h */; settings = {ATTRIBUTES = (Public, ); }; };
		2BA594341EB42DD10065FDD9 /* UIViewController+Indexed.h in Headers */ = {isa = PBXBuildFile; fileRef = 5BE177161D1F079000CF30BF /* UIViewController+Indexed.h */; settings = {ATTRIBUTES = (Public, ); }; };
		2BA789381EE470F0009385BA /* SDKLogger.swift in Sources */ = {isa = PBXBuildFile; fileRef = 2BAFA03B1EDFA1F800282964 /* SDKLogger.swift */; };
		47E94876B22D27145C73BD37 /* Pods_DemoSDK.framework in Frameworks */ = {isa = PBXBuildFile; fileRef = 6D1CFBE72CE680C7BEC8F4E9 /* Pods_DemoSDK.framework */; };
		7818510C1EE9F12300F124EC /* VideoViewController.swift in Sources */ = {isa = PBXBuildFile; fileRef = 7818510B1EE9F12300F124EC /* VideoViewController.swift */; };
		7818510D1EE9F4D300F124EC /* TeaserViewController.h in Headers */ = {isa = PBXBuildFile; fileRef = 5BB4AAC61C4D60B9002C22C8 /* TeaserViewController.h */; settings = {ATTRIBUTES = (Public, ); }; };
		7818510E1EE9F7D400F124EC /* UnlockedViewController.h in Headers */ = {isa = PBXBuildFile; fileRef = 5B75519B1CCFAECE007FAF67 /* UnlockedViewController.h */; settings = {ATTRIBUTES = (Public, ); }; };
/* End PBXBuildFile section */

/* Begin PBXContainerItemProxy section */
		2B44F5421EBB569800AB18A0 /* PBXContainerItemProxy */ = {
			isa = PBXContainerItemProxy;
			containerPortal = 5BB4AAB51C4D60B9002C22C8 /* Project object */;
			proxyType = 1;
			remoteGlobalIDString = 2BA593371EB4258D0065FDD9;
			remoteInfo = Li5SDK;
		};
/* End PBXContainerItemProxy section */

/* Begin PBXCopyFilesBuildPhase section */
		2B44F5391EBB533100AB18A0 /* CopyFiles */ = {
			isa = PBXCopyFilesBuildPhase;
			buildActionMask = 2147483647;
			dstPath = "";
			dstSubfolderSpec = 10;
			files = (
			);
			runOnlyForDeploymentPostprocessing = 0;
		};
		2B44F5441EBB569800AB18A0 /* Embed Frameworks */ = {
			isa = PBXCopyFilesBuildPhase;
			buildActionMask = 2147483647;
			dstPath = "";
			dstSubfolderSpec = 10;
			files = (
				2B44F5411EBB569800AB18A0 /* Li5SDK.framework in Embed Frameworks */,
			);
			name = "Embed Frameworks";
			runOnlyForDeploymentPostprocessing = 0;
		};
/* End PBXCopyFilesBuildPhase section */

/* Begin PBXFileReference section */
		0E210ED3071F8970AD216AF8 /* Pods-Li5SDK.release.xcconfig */ = {isa = PBXFileReference; includeInIndex = 1; lastKnownFileType = text.xcconfig; name = "Pods-Li5SDK.release.xcconfig"; path = "Pods/Target Support Files/Pods-Li5SDK/Pods-Li5SDK.release.xcconfig"; sourceTree = "<group>"; };
		1053B67F6FFB4C6C85CE982F /* Pods-DemoSDK.debug.xcconfig */ = {isa = PBXFileReference; includeInIndex = 1; lastKnownFileType = text.xcconfig; name = "Pods-DemoSDK.debug.xcconfig"; path = "Pods/Target Support Files/Pods-DemoSDK/Pods-DemoSDK.debug.xcconfig"; sourceTree = "<group>"; };
		2B44F4ED1EBAC4CF00AB18A0 /* DemoSDK.app */ = {isa = PBXFileReference; explicitFileType = wrapper.application; includeInIndex = 0; path = DemoSDK.app; sourceTree = BUILT_PRODUCTS_DIR; };
		2B44F4EF1EBAC4CF00AB18A0 /* AppDelegate.swift */ = {isa = PBXFileReference; lastKnownFileType = sourcecode.swift; path = AppDelegate.swift; sourceTree = "<group>"; };
		2B44F4F11EBAC4CF00AB18A0 /* ViewController.swift */ = {isa = PBXFileReference; lastKnownFileType = sourcecode.swift; path = ViewController.swift; sourceTree = "<group>"; };
		2B44F4F41EBAC4CF00AB18A0 /* Base */ = {isa = PBXFileReference; lastKnownFileType = file.storyboard; name = Base; path = Base.lproj/Main.storyboard; sourceTree = "<group>"; };
		2B44F4F61EBAC4CF00AB18A0 /* Assets.xcassets */ = {isa = PBXFileReference; lastKnownFileType = folder.assetcatalog; path = Assets.xcassets; sourceTree = "<group>"; };
		2B44F4F91EBAC4CF00AB18A0 /* Base */ = {isa = PBXFileReference; lastKnownFileType = file.storyboard; name = Base; path = Base.lproj/LaunchScreen.storyboard; sourceTree = "<group>"; };
		2B44F4FB1EBAC4CF00AB18A0 /* Info.plist */ = {isa = PBXFileReference; lastKnownFileType = text.plist.xml; path = Info.plist; sourceTree = "<group>"; };
		2B44F53B1EBB539200AB18A0 /* AMPopTip.framework */ = {isa = PBXFileReference; lastKnownFileType = wrapper.framework; name = AMPopTip.framework; path = "DerivedData/li5/Build/Products/Debug-iphonesimulator/AMPopTip/AMPopTip.framework"; sourceTree = "<group>"; };
		2B84CD0C1EE835BE0011F061 /* PaginatorViewController.swift */ = {isa = PBXFileReference; fileEncoding = 4; lastKnownFileType = sourcecode.swift; path = PaginatorViewController.swift; sourceTree = "<group>"; };
		2B84CD131EE837DC0011F061 /* PaginatorViewControllerDataSource.swift */ = {isa = PBXFileReference; fileEncoding = 4; lastKnownFileType = sourcecode.swift; path = PaginatorViewControllerDataSource.swift; sourceTree = "<group>"; };
		2B84CD151EE838680011F061 /* PaginatorViewControllerDelegate.swift */ = {isa = PBXFileReference; fileEncoding = 4; lastKnownFileType = sourcecode.swift; path = PaginatorViewControllerDelegate.swift; sourceTree = "<group>"; };
		2B84CD171EE838800011F061 /* UIKit.framework */ = {isa = PBXFileReference; lastKnownFileType = wrapper.framework; name = UIKit.framework; path = System/Library/Frameworks/UIKit.framework; sourceTree = SDKROOT; };
		2B84CD191EE842A90011F061 /* PageViewController.xib */ = {isa = PBXFileReference; fileEncoding = 4; lastKnownFileType = file.xib; path = PageViewController.xib; sourceTree = "<group>"; };
		2B84CD1B1EE8C6C70011F061 /* Displayable.swift */ = {isa = PBXFileReference; fileEncoding = 4; lastKnownFileType = sourcecode.swift; path = Displayable.swift; sourceTree = "<group>"; };
		2B96A1441EE6CD0A00093EA3 /* ProductPageViewController.swift */ = {isa = PBXFileReference; fileEncoding = 4; lastKnownFileType = sourcecode.swift; path = ProductPageViewController.swift; sourceTree = "<group>"; };
		2B96A1461EE6E01400093EA3 /* PrimeTimeViewControllerDataSource.swift */ = {isa = PBXFileReference; fileEncoding = 4; lastKnownFileType = sourcecode.swift; path = PrimeTimeViewControllerDataSource.swift; sourceTree = "<group>"; };
		2B96A1481EE6F2A500093EA3 /* PrimeTimeViewController.swift */ = {isa = PBXFileReference; fileEncoding = 4; lastKnownFileType = sourcecode.swift; path = PrimeTimeViewController.swift; sourceTree = "<group>"; };
		2BA593321EB425190065FDD9 /* Li5SDK.swift */ = {isa = PBXFileReference; lastKnownFileType = sourcecode.swift; name = Li5SDK.swift; path = ../li5/SDK/Li5SDK.swift; sourceTree = "<group>"; };
		2BA593381EB4258D0065FDD9 /* Li5SDK.framework */ = {isa = PBXFileReference; explicitFileType = wrapper.framework; includeInIndex = 0; path = Li5SDK.framework; sourceTree = BUILT_PRODUCTS_DIR; };
		2BA5933A1EB4258D0065FDD9 /* Li5SDK.h */ = {isa = PBXFileReference; lastKnownFileType = sourcecode.c.h; path = Li5SDK.h; sourceTree = "<group>"; };
		2BA5933B1EB4258D0065FDD9 /* Info.plist */ = {isa = PBXFileReference; lastKnownFileType = text.plist.xml; path = Info.plist; sourceTree = "<group>"; };
		2BA593451EB4258E0065FDD9 /* Li5SDKTests.swift */ = {isa = PBXFileReference; lastKnownFileType = sourcecode.swift; path = Li5SDKTests.swift; sourceTree = "<group>"; };
		2BA593471EB4258E0065FDD9 /* Info.plist */ = {isa = PBXFileReference; lastKnownFileType = text.plist.xml; path = Info.plist; sourceTree = "<group>"; };
		2BA594171EB4277E0065FDD9 /* pop.framework */ = {isa = PBXFileReference; lastKnownFileType = wrapper.framework; name = pop.framework; path = "DerivedData/li5/Build/Products/Debug-iphonesimulator/pop/pop.framework"; sourceTree = "<group>"; };
		2BA594191EB427900065FDD9 /* SnapKit.framework */ = {isa = PBXFileReference; lastKnownFileType = wrapper.framework; name = SnapKit.framework; path = "DerivedData/li5/Build/Products/Debug-iphonesimulator/SnapKit/SnapKit.framework"; sourceTree = "<group>"; };
		2BA594241EB42CAE0065FDD9 /* Li5Api.framework */ = {isa = PBXFileReference; lastKnownFileType = wrapper.framework; name = Li5Api.framework; path = "DerivedData/li5/Build/Products/Debug-iphonesimulator/Li5Api/Li5Api.framework"; sourceTree = "<group>"; };
		2BA594261EB42CF00065FDD9 /* SAMKeychain.framework */ = {isa = PBXFileReference; lastKnownFileType = wrapper.framework; name = SAMKeychain.framework; path = "DerivedData/li5/Build/Products/Debug-iphonesimulator/SAMKeychain/SAMKeychain.framework"; sourceTree = "<group>"; };
		2BA594281EB42D010065FDD9 /* AFNetworking.framework */ = {isa = PBXFileReference; lastKnownFileType = wrapper.framework; name = AFNetworking.framework; path = "DerivedData/li5/Build/Products/Debug-iphonesimulator/AFNetworking/AFNetworking.framework"; sourceTree = "<group>"; };
		2BA5942A1EB42D130065FDD9 /* JSONModel.framework */ = {isa = PBXFileReference; lastKnownFileType = wrapper.framework; name = JSONModel.framework; path = "DerivedData/li5/Build/Products/Debug-iphonesimulator/JSONModel/JSONModel.framework"; sourceTree = "<group>"; };
		2BA5942C1EB42D260065FDD9 /* BCVideoPlayer.framework */ = {isa = PBXFileReference; lastKnownFileType = wrapper.framework; name = BCVideoPlayer.framework; path = "DerivedData/li5/Build/Products/Debug-iphonesimulator/BCVideoPlayer/BCVideoPlayer.framework"; sourceTree = "<group>"; };
		2BA594371EB42DFF0065FDD9 /* CocoaLumberjack.framework */ = {isa = PBXFileReference; lastKnownFileType = wrapper.framework; name = CocoaLumberjack.framework; path = "DerivedData/li5/Build/Products/Debug-iphonesimulator/CocoaLumberjack/CocoaLumberjack.framework"; sourceTree = "<group>"; };
		2BAFA03B1EDFA1F800282964 /* SDKLogger.swift */ = {isa = PBXFileReference; fileEncoding = 4; lastKnownFileType = sourcecode.swift; path = SDKLogger.swift; sourceTree = "<group>"; };
		5B06F3C21CFA410A007FA3AB /* NSObject+Li5.h */ = {isa = PBXFileReference; fileEncoding = 4; lastKnownFileType = sourcecode.c.h; path = "NSObject+Li5.h"; sourceTree = "<group>"; };
		5B06F3C31CFA410A007FA3AB /* NSObject+Li5.m */ = {isa = PBXFileReference; fileEncoding = 4; lastKnownFileType = sourcecode.c.objc; path = "NSObject+Li5.m"; sourceTree = "<group>"; };
		5B06F3C91CFA44AA007FA3AB /* UIImage+Li5.h */ = {isa = PBXFileReference; fileEncoding = 4; lastKnownFileType = sourcecode.c.h; path = "UIImage+Li5.h"; sourceTree = "<group>"; };
		5B06F3CA1CFA44AA007FA3AB /* UIImage+Li5.m */ = {isa = PBXFileReference; fileEncoding = 4; lastKnownFileType = sourcecode.c.objc; path = "UIImage+Li5.m"; sourceTree = "<group>"; };
		5B08C4431D1476C40090FFCC /* CardStackUICollectionViewLayout.swift */ = {isa = PBXFileReference; fileEncoding = 4; lastKnownFileType = sourcecode.swift; path = CardStackUICollectionViewLayout.swift; sourceTree = "<group>"; };
		5B08C4491D1478710090FFCC /* ImageCardViewController.h */ = {isa = PBXFileReference; fileEncoding = 4; lastKnownFileType = sourcecode.c.h; path = ImageCardViewController.h; sourceTree = "<group>"; };
		5B08C44A1D1478710090FFCC /* ImageCardViewController.m */ = {isa = PBXFileReference; fileEncoding = 4; lastKnownFileType = sourcecode.c.objc; path = ImageCardViewController.m; sourceTree = "<group>"; };
		5B08C4511D1479800090FFCC /* CardUICollectionViewCell.h */ = {isa = PBXFileReference; fileEncoding = 4; lastKnownFileType = sourcecode.c.h; path = CardUICollectionViewCell.h; sourceTree = "<group>"; };
		5B08C4521D1479800090FFCC /* CardUICollectionViewCell.m */ = {isa = PBXFileReference; fileEncoding = 4; lastKnownFileType = sourcecode.c.objc; path = CardUICollectionViewCell.m; sourceTree = "<group>"; };
		5B0CC6841D93230A00FD99A4 /* li5-Test.entitlements */ = {isa = PBXFileReference; lastKnownFileType = text.plist.entitlements; path = "li5-Test.entitlements"; sourceTree = SOURCE_ROOT; };
		5B0CC6851D93230E00FD99A4 /* li5.entitlements */ = {isa = PBXFileReference; lastKnownFileType = text.plist.entitlements; path = li5.entitlements; sourceTree = "<group>"; };
		5B1EA3041D1C832300EA8519 /* UIView+Li5.h */ = {isa = PBXFileReference; fileEncoding = 4; lastKnownFileType = sourcecode.c.h; path = "UIView+Li5.h"; sourceTree = "<group>"; };
		5B1EA3051D1C832300EA8519 /* UIView+Li5.m */ = {isa = PBXFileReference; fileEncoding = 4; lastKnownFileType = sourcecode.c.objc; path = "UIView+Li5.m"; sourceTree = "<group>"; };
		5B22CB7D1E84327B00DC8399 /* DetailsHTMLViewController.swift */ = {isa = PBXFileReference; fileEncoding = 4; lastKnownFileType = sourcecode.swift; path = DetailsHTMLViewController.swift; sourceTree = "<group>"; };
		5B23E8531E8D4AEC0015A14A /* ThinSliderView.swift */ = {isa = PBXFileReference; fileEncoding = 4; lastKnownFileType = sourcecode.swift; path = ThinSliderView.swift; sourceTree = "<group>"; };
		5B2617521CEA12B200B51593 /* CrashlyticsLogger.m */ = {isa = PBXFileReference; fileEncoding = 4; lastKnownFileType = sourcecode.c.objc; path = CrashlyticsLogger.m; sourceTree = "<group>"; };
		5B2617561CEA12C500B51593 /* CrashlyticsLogger.h */ = {isa = PBXFileReference; fileEncoding = 4; lastKnownFileType = sourcecode.c.h; path = CrashlyticsLogger.h; sourceTree = "<group>"; };
		5B2A24FF1D492F5900DCA209 /* SwipeUpExplainerUIViewController.h */ = {isa = PBXFileReference; fileEncoding = 4; lastKnownFileType = sourcecode.c.h; path = SwipeUpExplainerUIViewController.h; sourceTree = "<group>"; };
		5B2A25001D492F5900DCA209 /* SwipeUpExplainerUIViewController.m */ = {isa = PBXFileReference; fileEncoding = 4; lastKnownFileType = sourcecode.c.objc; path = SwipeUpExplainerUIViewController.m; sourceTree = "<group>"; };
		5B360E991D086389004B3691 /* SwipeLeftToBeginViewController.h */ = {isa = PBXFileReference; fileEncoding = 4; lastKnownFileType = sourcecode.c.h; path = SwipeLeftToBeginViewController.h; sourceTree = "<group>"; };
		5B360E9A1D086389004B3691 /* SwipeLeftToBeginViewController.m */ = {isa = PBXFileReference; fileEncoding = 4; lastKnownFileType = sourcecode.c.objc; path = SwipeLeftToBeginViewController.m; sourceTree = "<group>"; };
		5B360EA71D087524004B3691 /* Li5Constants.h */ = {isa = PBXFileReference; fileEncoding = 4; lastKnownFileType = sourcecode.c.h; path = Li5Constants.h; sourceTree = "<group>"; };
		5B360EA81D087524004B3691 /* Li5Constants.m */ = {isa = PBXFileReference; fileEncoding = 4; lastKnownFileType = sourcecode.c.objc; path = Li5Constants.m; sourceTree = "<group>"; };
		5B4245FB1DF8A65900020EA2 /* Bolts.framework */ = {isa = PBXFileReference; lastKnownFileType = wrapper.framework; path = Bolts.framework; sourceTree = "<group>"; };
		5B427E101CECB954000EF9E5 /* HorizontalUICollectionViewFlowLayout.h */ = {isa = PBXFileReference; fileEncoding = 4; lastKnownFileType = sourcecode.c.h; path = HorizontalUICollectionViewFlowLayout.h; sourceTree = "<group>"; };
		5B427E111CECB954000EF9E5 /* HorizontalUICollectionViewFlowLayout.m */ = {isa = PBXFileReference; fileEncoding = 4; lastKnownFileType = sourcecode.c.objc; path = HorizontalUICollectionViewFlowLayout.m; sourceTree = "<group>"; };
		5B5134D91D12FCE900EE374C /* Li5BCLoggerDelegate.h */ = {isa = PBXFileReference; fileEncoding = 4; lastKnownFileType = sourcecode.c.h; path = Li5BCLoggerDelegate.h; sourceTree = "<group>"; };
		5B5134DA1D12FCE900EE374C /* Li5BCLoggerDelegate.m */ = {isa = PBXFileReference; fileEncoding = 4; lastKnownFileType = sourcecode.c.objc; path = Li5BCLoggerDelegate.m; sourceTree = "<group>"; };
		5B5134F81D1304C300EE374C /* Li5VolumeView.h */ = {isa = PBXFileReference; fileEncoding = 4; lastKnownFileType = sourcecode.c.h; path = Li5VolumeView.h; sourceTree = "<group>"; };
		5B5134F91D1304C300EE374C /* Li5VolumeView.m */ = {isa = PBXFileReference; fileEncoding = 4; lastKnownFileType = sourcecode.c.objc; path = Li5VolumeView.m; sourceTree = "<group>"; };
		5B5C79391D25C120009CF5D7 /* UIBezierPath+UIImage.h */ = {isa = PBXFileReference; fileEncoding = 4; lastKnownFileType = sourcecode.c.h; path = "UIBezierPath+UIImage.h"; sourceTree = "<group>"; };
		5B5C793A1D25C120009CF5D7 /* UIBezierPath+UIImage.m */ = {isa = PBXFileReference; fileEncoding = 4; lastKnownFileType = sourcecode.c.objc; path = "UIBezierPath+UIImage.m"; sourceTree = "<group>"; };
		5B5C79401D25CBAA009CF5D7 /* Wave.swift */ = {isa = PBXFileReference; fileEncoding = 4; lastKnownFileType = sourcecode.swift; path = Wave.swift; sourceTree = "<group>"; };
		5B602C841C5A6A9F00F0D362 /* ShapesHelper.h */ = {isa = PBXFileReference; fileEncoding = 4; lastKnownFileType = sourcecode.c.h; path = ShapesHelper.h; sourceTree = "<group>"; };
		5B602C851C5A6A9F00F0D362 /* ShapesHelper.m */ = {isa = PBXFileReference; fileEncoding = 4; lastKnownFileType = sourcecode.c.objc; path = ShapesHelper.m; sourceTree = "<group>"; };
		5B613D801E43BB41006C3A9F /* Base */ = {isa = PBXFileReference; lastKnownFileType = text.plist.strings; name = Base; path = Base.lproj/Localizable.strings; sourceTree = "<group>"; };
		5B613D841E43F459006C3A9F /* Base */ = {isa = PBXFileReference; lastKnownFileType = file.storyboard; name = Base; path = Base.lproj/DiscoverViews.storyboard; sourceTree = "<group>"; };
		5B613D961E43F496006C3A9F /* Base */ = {isa = PBXFileReference; lastKnownFileType = file.xib; name = Base; path = Base.lproj/ProductsListView.xib; sourceTree = "<group>"; };
		5B613D9A1E43F49B006C3A9F /* Base */ = {isa = PBXFileReference; lastKnownFileType = file.xib; name = Base; path = Base.lproj/ProductsCollectionViewCell.xib; sourceTree = "<group>"; };
		5B613D9F1E43F4A9006C3A9F /* Base */ = {isa = PBXFileReference; lastKnownFileType = file.storyboard; name = Base; path = Base.lproj/ProductPageViews.storyboard; sourceTree = "<group>"; };
		5B613DA41E43F4B2006C3A9F /* Base */ = {isa = PBXFileReference; lastKnownFileType = file.xib; name = Base; path = Base.lproj/ProductPageActionsView.xib; sourceTree = "<group>"; };
		5B613DB61E44F63E006C3A9F /* applanga_settings.applanga */ = {isa = PBXFileReference; lastKnownFileType = file; name = applanga_settings.applanga; path = Applanga/applanga_settings.applanga; sourceTree = "<group>"; };
		5B613DB91E44F648006C3A9F /* applanga_settings.applanga */ = {isa = PBXFileReference; lastKnownFileType = file; path = applanga_settings.applanga; sourceTree = "<group>"; };
		5B625C691D05D602001CA076 /* ImageUICollectionViewCell.h */ = {isa = PBXFileReference; fileEncoding = 4; lastKnownFileType = sourcecode.c.h; path = ImageUICollectionViewCell.h; sourceTree = "<group>"; };
		5B625C6A1D05D602001CA076 /* ImageUICollectionViewCell.m */ = {isa = PBXFileReference; fileEncoding = 4; lastKnownFileType = sourcecode.c.objc; path = ImageUICollectionViewCell.m; sourceTree = "<group>"; };
		5B625C701D05F26D001CA076 /* UILabel+Li5.h */ = {isa = PBXFileReference; fileEncoding = 4; lastKnownFileType = sourcecode.c.h; path = "UILabel+Li5.h"; sourceTree = "<group>"; };
		5B625C711D05F26D001CA076 /* UILabel+Li5.m */ = {isa = PBXFileReference; fileEncoding = 4; lastKnownFileType = sourcecode.c.objc; path = "UILabel+Li5.m"; sourceTree = "<group>"; };
		5B6B53A01E85BEDE00CE9FD9 /* SinnerView.swift */ = {isa = PBXFileReference; fileEncoding = 4; lastKnownFileType = sourcecode.swift; path = SinnerView.swift; sourceTree = "<group>"; };
		5B7383391E81B5B10038840A /* ThinPlayerProgressView.swift */ = {isa = PBXFileReference; fileEncoding = 4; lastKnownFileType = sourcecode.swift; path = ThinPlayerProgressView.swift; sourceTree = "<group>"; };
		5B7551931CCE7433007FAF67 /* Li5PlayerUISlider.h */ = {isa = PBXFileReference; fileEncoding = 4; lastKnownFileType = sourcecode.c.h; path = Li5PlayerUISlider.h; sourceTree = "<group>"; };
		5B7551941CCE7433007FAF67 /* Li5PlayerUISlider.m */ = {isa = PBXFileReference; fileEncoding = 4; lastKnownFileType = sourcecode.c.objc; path = Li5PlayerUISlider.m; sourceTree = "<group>"; };
		5B75519B1CCFAECE007FAF67 /* UnlockedViewController.h */ = {isa = PBXFileReference; fileEncoding = 4; lastKnownFileType = sourcecode.c.h; path = UnlockedViewController.h; sourceTree = "<group>"; };
		5B75519C1CCFAECE007FAF67 /* UnlockedViewController.m */ = {isa = PBXFileReference; fileEncoding = 4; lastKnownFileType = sourcecode.c.objc; path = UnlockedViewController.m; sourceTree = "<group>"; };
		5B7551B91CCFED36007FAF67 /* Li5LoggerFormatter.h */ = {isa = PBXFileReference; fileEncoding = 4; lastKnownFileType = sourcecode.c.h; path = Li5LoggerFormatter.h; sourceTree = "<group>"; };
		5B7551BA1CCFED36007FAF67 /* Li5LoggerFormatter.m */ = {isa = PBXFileReference; fileEncoding = 4; lastKnownFileType = sourcecode.c.objc; path = Li5LoggerFormatter.m; sourceTree = "<group>"; };
		5B8625CD1C763CE4006869DE /* IndexedViewController.h */ = {isa = PBXFileReference; fileEncoding = 4; lastKnownFileType = sourcecode.c.h; path = IndexedViewController.h; sourceTree = "<group>"; };
		5B8625CE1C763CE4006869DE /* IndexedViewController.m */ = {isa = PBXFileReference; fileEncoding = 4; lastKnownFileType = sourcecode.c.objc; path = IndexedViewController.m; sourceTree = "<group>"; };
		5B8625D01C764C33006869DE /* FBSDKCoreKit.framework */ = {isa = PBXFileReference; lastKnownFileType = wrapper.framework; path = FBSDKCoreKit.framework; sourceTree = "<group>"; };
		5B8625D11C764C33006869DE /* FBSDKLoginKit.framework */ = {isa = PBXFileReference; lastKnownFileType = wrapper.framework; path = FBSDKLoginKit.framework; sourceTree = "<group>"; };
		5B8625D21C764C33006869DE /* FBSDKShareKit.framework */ = {isa = PBXFileReference; lastKnownFileType = wrapper.framework; path = FBSDKShareKit.framework; sourceTree = "<group>"; };
		5B9584DE1C6D23FB00026BB2 /* ProductPageProtocol.h */ = {isa = PBXFileReference; fileEncoding = 4; lastKnownFileType = sourcecode.c.h; path = ProductPageProtocol.h; sourceTree = "<group>"; };
		5B983CBE1D33E97E00D0A3C0 /* BAFluidView.h */ = {isa = PBXFileReference; fileEncoding = 4; lastKnownFileType = sourcecode.c.h; path = BAFluidView.h; sourceTree = "<group>"; };
		5B983CBF1D33E97E00D0A3C0 /* BAFluidView.m */ = {isa = PBXFileReference; fileEncoding = 4; lastKnownFileType = sourcecode.c.objc; path = BAFluidView.m; sourceTree = "<group>"; };
		5B983CC01D33E97E00D0A3C0 /* Constants.h */ = {isa = PBXFileReference; fileEncoding = 4; lastKnownFileType = sourcecode.c.h; path = Constants.h; sourceTree = "<group>"; };
		5B983CC11D33E97E00D0A3C0 /* UIColor+ColorWithHex.h */ = {isa = PBXFileReference; fileEncoding = 4; lastKnownFileType = sourcecode.c.h; path = "UIColor+ColorWithHex.h"; sourceTree = "<group>"; };
		5B983CC21D33E97E00D0A3C0 /* UIColor+ColorWithHex.m */ = {isa = PBXFileReference; fileEncoding = 4; lastKnownFileType = sourcecode.c.objc; path = "UIColor+ColorWithHex.m"; sourceTree = "<group>"; };
		5B983CCE1D3418B100D0A3C0 /* SliderFluidView.h */ = {isa = PBXFileReference; fileEncoding = 4; lastKnownFileType = sourcecode.c.h; path = SliderFluidView.h; sourceTree = "<group>"; };
		5B983CCF1D3418B100D0A3C0 /* SliderFluidView.m */ = {isa = PBXFileReference; fileEncoding = 4; lastKnownFileType = sourcecode.c.objc; path = SliderFluidView.m; sourceTree = "<group>"; };
		5B983CD61D356B9C00D0A3C0 /* Heart.h */ = {isa = PBXFileReference; fileEncoding = 4; lastKnownFileType = sourcecode.c.h; path = Heart.h; sourceTree = "<group>"; };
		5B983CD71D356B9C00D0A3C0 /* Heart.m */ = {isa = PBXFileReference; fileEncoding = 4; lastKnownFileType = sourcecode.c.objc; path = Heart.m; sourceTree = "<group>"; };
		5B983CD81D356B9C00D0A3C0 /* HeartAnimationView.swift */ = {isa = PBXFileReference; fileEncoding = 4; lastKnownFileType = sourcecode.swift; path = HeartAnimationView.swift; sourceTree = "<group>"; };
		5BAB34EC1CF1015C00AE74DC /* Li5View.h */ = {isa = PBXFileReference; fileEncoding = 4; lastKnownFileType = sourcecode.c.h; path = Li5View.h; sourceTree = "<group>"; };
		5BAB34ED1CF1015C00AE74DC /* Li5View.m */ = {isa = PBXFileReference; fileEncoding = 4; lastKnownFileType = sourcecode.c.objc; path = Li5View.m; sourceTree = "<group>"; };
		5BAB34F91CF105F100AE74DC /* ProductsListView.h */ = {isa = PBXFileReference; fileEncoding = 4; lastKnownFileType = sourcecode.c.h; path = ProductsListView.h; sourceTree = "<group>"; };
		5BAB34FA1CF105F100AE74DC /* ProductsListView.m */ = {isa = PBXFileReference; fileEncoding = 4; lastKnownFileType = sourcecode.c.objc; path = ProductsListView.m; sourceTree = "<group>"; };
		5BB4AAC11C4D60B9002C22C8 /* main.m */ = {isa = PBXFileReference; lastKnownFileType = sourcecode.c.objc; path = main.m; sourceTree = "<group>"; };
		5BB4AAC61C4D60B9002C22C8 /* TeaserViewController.h */ = {isa = PBXFileReference; lastKnownFileType = sourcecode.c.h; path = TeaserViewController.h; sourceTree = "<group>"; };
		5BB4AAC71C4D60B9002C22C8 /* TeaserViewController.m */ = {isa = PBXFileReference; lastKnownFileType = sourcecode.c.objc; path = TeaserViewController.m; sourceTree = "<group>"; };
		5BB4AACA1C4D60B9002C22C8 /* Base */ = {isa = PBXFileReference; lastKnownFileType = file.storyboard; name = Base; path = Base.lproj/Main.storyboard; sourceTree = "<group>"; };
		5BB4AACC1C4D60B9002C22C8 /* Assets.xcassets */ = {isa = PBXFileReference; lastKnownFileType = folder.assetcatalog; path = Assets.xcassets; sourceTree = "<group>"; };
		5BB4AAD11C4D60B9002C22C8 /* Info.plist */ = {isa = PBXFileReference; lastKnownFileType = text.plist.xml; path = Info.plist; sourceTree = "<group>"; };
		5BB4AAF71C4D7D93002C22C8 /* AVFoundation.framework */ = {isa = PBXFileReference; lastKnownFileType = wrapper.framework; name = AVFoundation.framework; path = System/Library/Frameworks/AVFoundation.framework; sourceTree = SDKROOT; };
		5BB4AAF91C4D7EBD002C22C8 /* Foundation.framework */ = {isa = PBXFileReference; lastKnownFileType = wrapper.framework; name = Foundation.framework; path = System/Library/Frameworks/Foundation.framework; sourceTree = SDKROOT; };
		5BB4AB011C4E7D52002C22C8 /* Logger.h */ = {isa = PBXFileReference; fileEncoding = 4; lastKnownFileType = sourcecode.c.h; path = Logger.h; sourceTree = "<group>"; };
		5BB4AB151C4FC631002C22C8 /* DetailsViewController.h */ = {isa = PBXFileReference; fileEncoding = 4; lastKnownFileType = sourcecode.c.h; path = DetailsViewController.h; sourceTree = "<group>"; };
		5BB4AB161C4FC631002C22C8 /* DetailsViewController.m */ = {isa = PBXFileReference; fileEncoding = 4; lastKnownFileType = sourcecode.c.objc; path = DetailsViewController.m; sourceTree = "<group>"; };
		5BBC61E01D047508006B4C68 /* ProductPageActionsView.h */ = {isa = PBXFileReference; fileEncoding = 4; lastKnownFileType = sourcecode.c.h; path = ProductPageActionsView.h; sourceTree = "<group>"; };
		5BBC61E11D047508006B4C68 /* ProductPageActionsView.m */ = {isa = PBXFileReference; fileEncoding = 4; lastKnownFileType = sourcecode.c.objc; path = ProductPageActionsView.m; sourceTree = "<group>"; };
		5BBC66D71CFF2D39001BE4BB /* Li5GradientView.h */ = {isa = PBXFileReference; fileEncoding = 4; lastKnownFileType = sourcecode.c.h; path = Li5GradientView.h; sourceTree = "<group>"; };
		5BBC66D81CFF2D39001BE4BB /* Li5GradientView.m */ = {isa = PBXFileReference; fileEncoding = 4; lastKnownFileType = sourcecode.c.objc; path = Li5GradientView.m; sourceTree = "<group>"; };
		5BBC66E21CFF64F6001BE4BB /* Li5BlurredView.h */ = {isa = PBXFileReference; fileEncoding = 4; lastKnownFileType = sourcecode.c.h; path = Li5BlurredView.h; sourceTree = "<group>"; };
		5BBC66E31CFF64F6001BE4BB /* Li5BlurredView.m */ = {isa = PBXFileReference; fileEncoding = 4; lastKnownFileType = sourcecode.c.objc; path = Li5BlurredView.m; sourceTree = "<group>"; };
		5BBC66E71D00A777001BE4BB /* Li5PlayerTimer.h */ = {isa = PBXFileReference; fileEncoding = 4; lastKnownFileType = sourcecode.c.h; path = Li5PlayerTimer.h; sourceTree = "<group>"; };
		5BBC66E81D00A777001BE4BB /* Li5PlayerTimer.m */ = {isa = PBXFileReference; fileEncoding = 4; lastKnownFileType = sourcecode.c.objc; path = Li5PlayerTimer.m; sourceTree = "<group>"; };
		5BBDBA071E9680E800F8CA81 /* DeviceManager.swift */ = {isa = PBXFileReference; fileEncoding = 4; lastKnownFileType = sourcecode.swift; path = DeviceManager.swift; sourceTree = "<group>"; };
		5BBF179D1D1848FA00680738 /* CardUIView.h */ = {isa = PBXFileReference; fileEncoding = 4; lastKnownFileType = sourcecode.c.h; path = CardUIView.h; sourceTree = "<group>"; };
		5BBF179E1D1848FA00680738 /* CardUIView.m */ = {isa = PBXFileReference; fileEncoding = 4; lastKnownFileType = sourcecode.c.objc; path = CardUIView.m; sourceTree = "<group>"; };
		5BBF17A51D18659700680738 /* DetailsDescriptionViewController.h */ = {isa = PBXFileReference; fileEncoding = 4; lastKnownFileType = sourcecode.c.h; path = DetailsDescriptionViewController.h; sourceTree = "<group>"; };
		5BBF17A61D18659700680738 /* DetailsDescriptionViewController.m */ = {isa = PBXFileReference; fileEncoding = 4; lastKnownFileType = sourcecode.c.objc; path = DetailsDescriptionViewController.m; sourceTree = "<group>"; };
		5BE00A1A1D108CFA00C8E72F /* SpinnerViewController.h */ = {isa = PBXFileReference; fileEncoding = 4; lastKnownFileType = sourcecode.c.h; path = SpinnerViewController.h; sourceTree = "<group>"; };
		5BE00A1B1D108CFA00C8E72F /* SpinnerViewController.m */ = {isa = PBXFileReference; fileEncoding = 4; lastKnownFileType = sourcecode.c.objc; path = SpinnerViewController.m; sourceTree = "<group>"; };
		5BE177161D1F079000CF30BF /* UIViewController+Indexed.h */ = {isa = PBXFileReference; fileEncoding = 4; lastKnownFileType = sourcecode.c.h; path = "UIViewController+Indexed.h"; sourceTree = "<group>"; };
		5BE177171D1F079000CF30BF /* UIViewController+Indexed.m */ = {isa = PBXFileReference; fileEncoding = 4; lastKnownFileType = sourcecode.c.objc; path = "UIViewController+Indexed.m"; sourceTree = "<group>"; };
		5BE6009D1E1564DB007553B8 /* ShareExplainerUIViewController.h */ = {isa = PBXFileReference; fileEncoding = 4; lastKnownFileType = sourcecode.c.h; path = ShareExplainerUIViewController.h; sourceTree = "<group>"; };
		5BE6009E1E1564DB007553B8 /* ShareExplainerUIViewController.m */ = {isa = PBXFileReference; fileEncoding = 4; lastKnownFileType = sourcecode.c.objc; path = ShareExplainerUIViewController.m; sourceTree = "<group>"; };
		5BE693721CF4C39800445439 /* UIColor+Li5UIColor.h */ = {isa = PBXFileReference; fileEncoding = 4; lastKnownFileType = sourcecode.c.h; path = "UIColor+Li5UIColor.h"; sourceTree = "<group>"; };
		5BE693731CF4C39800445439 /* UIColor+Li5UIColor.m */ = {isa = PBXFileReference; fileEncoding = 4; lastKnownFileType = sourcecode.c.objc; path = "UIColor+Li5UIColor.m"; sourceTree = "<group>"; };
		5BE6937A1CF4C63C00445439 /* Rubik-Black.ttf */ = {isa = PBXFileReference; lastKnownFileType = file; path = "Rubik-Black.ttf"; sourceTree = "<group>"; };
		5BE6937B1CF4C63C00445439 /* Rubik-BlackItalic.ttf */ = {isa = PBXFileReference; lastKnownFileType = file; path = "Rubik-BlackItalic.ttf"; sourceTree = "<group>"; };
		5BE6937C1CF4C63C00445439 /* Rubik-Bold.ttf */ = {isa = PBXFileReference; lastKnownFileType = file; path = "Rubik-Bold.ttf"; sourceTree = "<group>"; };
		5BE6937D1CF4C63C00445439 /* Rubik-BoldItalic.ttf */ = {isa = PBXFileReference; lastKnownFileType = file; path = "Rubik-BoldItalic.ttf"; sourceTree = "<group>"; };
		5BE6937E1CF4C63C00445439 /* Rubik-Italic.ttf */ = {isa = PBXFileReference; lastKnownFileType = file; path = "Rubik-Italic.ttf"; sourceTree = "<group>"; };
		5BE6937F1CF4C63C00445439 /* Rubik-Light.ttf */ = {isa = PBXFileReference; lastKnownFileType = file; path = "Rubik-Light.ttf"; sourceTree = "<group>"; };
		5BE693801CF4C63C00445439 /* Rubik-LightItalic.ttf */ = {isa = PBXFileReference; lastKnownFileType = file; path = "Rubik-LightItalic.ttf"; sourceTree = "<group>"; };
		5BE693811CF4C63C00445439 /* Rubik-Medium.ttf */ = {isa = PBXFileReference; lastKnownFileType = file; path = "Rubik-Medium.ttf"; sourceTree = "<group>"; };
		5BE693821CF4C63C00445439 /* Rubik-MediumItalic.ttf */ = {isa = PBXFileReference; lastKnownFileType = file; path = "Rubik-MediumItalic.ttf"; sourceTree = "<group>"; };
		5BE693831CF4C63C00445439 /* Rubik-Regular.ttf */ = {isa = PBXFileReference; lastKnownFileType = file; path = "Rubik-Regular.ttf"; sourceTree = "<group>"; };
		5BECB7BE1CCD788500D6482C /* Li5-Prefix.pch */ = {isa = PBXFileReference; fileEncoding = 4; lastKnownFileType = sourcecode.c.h; path = "Li5-Prefix.pch"; sourceTree = "<group>"; };
		5BED28A71D46927C00C05A01 /* MapKit.framework */ = {isa = PBXFileReference; lastKnownFileType = wrapper.framework; name = MapKit.framework; path = System/Library/Frameworks/MapKit.framework; sourceTree = SDKROOT; };
		63442170E3DFD55EC89DB9FD /* Pods-DemoSDK.release.xcconfig */ = {isa = PBXFileReference; includeInIndex = 1; lastKnownFileType = text.xcconfig; name = "Pods-DemoSDK.release.xcconfig"; path = "Pods/Target Support Files/Pods-DemoSDK/Pods-DemoSDK.release.xcconfig"; sourceTree = "<group>"; };
		6D1CFBE72CE680C7BEC8F4E9 /* Pods_DemoSDK.framework */ = {isa = PBXFileReference; explicitFileType = wrapper.framework; includeInIndex = 0; path = Pods_DemoSDK.framework; sourceTree = BUILT_PRODUCTS_DIR; };
		7818510B1EE9F12300F124EC /* VideoViewController.swift */ = {isa = PBXFileReference; fileEncoding = 4; lastKnownFileType = sourcecode.swift; path = VideoViewController.swift; sourceTree = "<group>"; };
		80DBD9F80C310DAD4C901CAD /* Pods-Li5SDK.debug.xcconfig */ = {isa = PBXFileReference; includeInIndex = 1; lastKnownFileType = text.xcconfig; name = "Pods-Li5SDK.debug.xcconfig"; path = "Pods/Target Support Files/Pods-Li5SDK/Pods-Li5SDK.debug.xcconfig"; sourceTree = "<group>"; };
		9C5AA8101CD02E7100F3DE08 /* ProductsCollectionViewCell.h */ = {isa = PBXFileReference; fileEncoding = 4; lastKnownFileType = sourcecode.c.h; path = ProductsCollectionViewCell.h; sourceTree = "<group>"; };
		9C5AA8111CD02E7100F3DE08 /* ProductsCollectionViewCell.m */ = {isa = PBXFileReference; fileEncoding = 4; lastKnownFileType = sourcecode.c.objc; path = ProductsCollectionViewCell.m; sourceTree = "<group>"; };
		9C5AA8221CD10F9400F3DE08 /* LastPageViewController.h */ = {isa = PBXFileReference; fileEncoding = 4; lastKnownFileType = sourcecode.c.h; path = LastPageViewController.h; sourceTree = "<group>"; };
		9C5AA8231CD10F9400F3DE08 /* LastPageViewController.m */ = {isa = PBXFileReference; fileEncoding = 4; lastKnownFileType = sourcecode.c.objc; path = LastPageViewController.m; sourceTree = "<group>"; };
		C9E898E5E76AA7BABBE01F9E /* Pods_Li5SDK.framework */ = {isa = PBXFileReference; explicitFileType = wrapper.framework; includeInIndex = 0; path = Pods_Li5SDK.framework; sourceTree = BUILT_PRODUCTS_DIR; };
		EF188E471D3EAB45002E173E /* ImageHelper.h */ = {isa = PBXFileReference; fileEncoding = 4; lastKnownFileType = sourcecode.c.h; path = ImageHelper.h; sourceTree = "<group>"; };
		EF188E481D3EAB45002E173E /* ImageHelper.m */ = {isa = PBXFileReference; fileEncoding = 4; lastKnownFileType = sourcecode.c.objc; path = ImageHelper.m; sourceTree = "<group>"; };
/* End PBXFileReference section */

/* Begin PBXFrameworksBuildPhase section */
		2B44F4EA1EBAC4CF00AB18A0 /* Frameworks */ = {
			isa = PBXFrameworksBuildPhase;
			buildActionMask = 2147483647;
			files = (
				2B44F5401EBB569800AB18A0 /* Li5SDK.framework in Frameworks */,
				47E94876B22D27145C73BD37 /* Pods_DemoSDK.framework in Frameworks */,
			);
			runOnlyForDeploymentPostprocessing = 0;
		};
		2BA593341EB4258D0065FDD9 /* Frameworks */ = {
			isa = PBXFrameworksBuildPhase;
			buildActionMask = 2147483647;
			files = (
				2B84CD181EE838800011F061 /* UIKit.framework in Frameworks */,
				28544A62245B9F3093B0C879 /* Pods_Li5SDK.framework in Frameworks */,
			);
			runOnlyForDeploymentPostprocessing = 0;
		};
/* End PBXFrameworksBuildPhase section */

/* Begin PBXGroup section */
		2B44F4EE1EBAC4CF00AB18A0 /* DemoSDK */ = {
			isa = PBXGroup;
			children = (
				2B44F4EF1EBAC4CF00AB18A0 /* AppDelegate.swift */,
				2B44F4F11EBAC4CF00AB18A0 /* ViewController.swift */,
				2B44F4F31EBAC4CF00AB18A0 /* Main.storyboard */,
				2B44F4F61EBAC4CF00AB18A0 /* Assets.xcassets */,
				2B44F4F81EBAC4CF00AB18A0 /* LaunchScreen.storyboard */,
				2B44F4FB1EBAC4CF00AB18A0 /* Info.plist */,
			);
			path = DemoSDK;
			sourceTree = "<group>";
		};
		2B84CD0E1EE8362C0011F061 /* UIKit Extensions */ = {
			isa = PBXGroup;
			children = (
			);
			name = "UIKit Extensions";
			sourceTree = "<group>";
		};
		2B84CD111EE837880011F061 /* Abstraction */ = {
			isa = PBXGroup;
			children = (
				2B84CD191EE842A90011F061 /* PageViewController.xib */,
				2B84CD0C1EE835BE0011F061 /* PaginatorViewController.swift */,
				2B84CD131EE837DC0011F061 /* PaginatorViewControllerDataSource.swift */,
				2B84CD151EE838680011F061 /* PaginatorViewControllerDelegate.swift */,
				2B84CD1B1EE8C6C70011F061 /* Displayable.swift */,
			);
			name = Abstraction;
			sourceTree = "<group>";
		};
		2B84CD121EE837940011F061 /* PrimeTime */ = {
			isa = PBXGroup;
			children = (
				2B96A1481EE6F2A500093EA3 /* PrimeTimeViewController.swift */,
				2B96A1461EE6E01400093EA3 /* PrimeTimeViewControllerDataSource.swift */,
				2B96A1441EE6CD0A00093EA3 /* ProductPageViewController.swift */,
				5B613DA01E43F4A9006C3A9F /* ProductPageViews.storyboard */,
			);
			name = PrimeTime;
			sourceTree = "<group>";
		};
		2B9CEDC41EC7D73500B6BA73 /* Core */ = {
			isa = PBXGroup;
			children = (
			);
			name = Core;
			sourceTree = "<group>";
		};
		2B9CEDC51EC7D73F00B6BA73 /* UI */ = {
			isa = PBXGroup;
			children = (
				2B84CD111EE837880011F061 /* Abstraction */,
				2B84CD121EE837940011F061 /* PrimeTime */,
				7818510A1EE9F0C500F124EC /* Video */,
			);
			name = UI;
			sourceTree = "<group>";
		};
		2BA593391EB4258D0065FDD9 /* Li5SDK */ = {
			isa = PBXGroup;
			children = (
				2BA593321EB425190065FDD9 /* Li5SDK.swift */,
				2BA5933A1EB4258D0065FDD9 /* Li5SDK.h */,
				2BAFA03B1EDFA1F800282964 /* SDKLogger.swift */,
				2B9CEDC51EC7D73F00B6BA73 /* UI */,
				2B84CD0E1EE8362C0011F061 /* UIKit Extensions */,
				2B9CEDC41EC7D73500B6BA73 /* Core */,
				2BA5933B1EB4258D0065FDD9 /* Info.plist */,
			);
			path = Li5SDK;
			sourceTree = "<group>";
		};
		2BA593441EB4258E0065FDD9 /* Li5SDKTests */ = {
			isa = PBXGroup;
			children = (
				2BA593451EB4258E0065FDD9 /* Li5SDKTests.swift */,
				2BA593471EB4258E0065FDD9 /* Info.plist */,
			);
			path = Li5SDKTests;
			sourceTree = "<group>";
		};
		3F42F740CE8663DBD2D0DCE6 /* Frameworks */ = {
			isa = PBXGroup;
			children = (
				2B84CD171EE838800011F061 /* UIKit.framework */,
				2B44F53B1EBB539200AB18A0 /* AMPopTip.framework */,
				2BA594371EB42DFF0065FDD9 /* CocoaLumberjack.framework */,
				2BA5942C1EB42D260065FDD9 /* BCVideoPlayer.framework */,
				2BA5942A1EB42D130065FDD9 /* JSONModel.framework */,
				2BA594281EB42D010065FDD9 /* AFNetworking.framework */,
				2BA594261EB42CF00065FDD9 /* SAMKeychain.framework */,
				2BA594241EB42CAE0065FDD9 /* Li5Api.framework */,
				2BA594191EB427900065FDD9 /* SnapKit.framework */,
				2BA594171EB4277E0065FDD9 /* pop.framework */,
				5B4245FB1DF8A65900020EA2 /* Bolts.framework */,
				5BED28A71D46927C00C05A01 /* MapKit.framework */,
				5BB4AAF91C4D7EBD002C22C8 /* Foundation.framework */,
				5BB4AAF71C4D7D93002C22C8 /* AVFoundation.framework */,
				5B8625D01C764C33006869DE /* FBSDKCoreKit.framework */,
				5B8625D11C764C33006869DE /* FBSDKLoginKit.framework */,
				5B8625D21C764C33006869DE /* FBSDKShareKit.framework */,
				6D1CFBE72CE680C7BEC8F4E9 /* Pods_DemoSDK.framework */,
				C9E898E5E76AA7BABBE01F9E /* Pods_Li5SDK.framework */,
			);
			name = Frameworks;
			sourceTree = "<group>";
		};
		5B08C4501D14791C0090FFCC /* Cards */ = {
			isa = PBXGroup;
			children = (
				5BBF17A41D18494000680738 /* CollectionView */,
				5BBF179D1D1848FA00680738 /* CardUIView.h */,
				5BBF179E1D1848FA00680738 /* CardUIView.m */,
			);
			name = Cards;
			sourceTree = "<group>";
		};
		5B1EA30B1D1D7DA200EA8519 /* Controllers */ = {
			isa = PBXGroup;
			children = (
			);
			name = Controllers;
			sourceTree = "<group>";
		};
		5B3435D31D1ACD5000D7F0E7 /* Categories */ = {
			isa = PBXGroup;
			children = (
				5B06F3C21CFA410A007FA3AB /* NSObject+Li5.h */,
				5B06F3C31CFA410A007FA3AB /* NSObject+Li5.m */,
				5BE693721CF4C39800445439 /* UIColor+Li5UIColor.h */,
				5BE693731CF4C39800445439 /* UIColor+Li5UIColor.m */,
				5B06F3C91CFA44AA007FA3AB /* UIImage+Li5.h */,
				5B06F3CA1CFA44AA007FA3AB /* UIImage+Li5.m */,
				5B625C701D05F26D001CA076 /* UILabel+Li5.h */,
				5B625C711D05F26D001CA076 /* UILabel+Li5.m */,
				5B1EA3041D1C832300EA8519 /* UIView+Li5.h */,
				5B1EA3051D1C832300EA8519 /* UIView+Li5.m */,
				5BE177161D1F079000CF30BF /* UIViewController+Indexed.h */,
				5BE177171D1F079000CF30BF /* UIViewController+Indexed.m */,
				5B5C79391D25C120009CF5D7 /* UIBezierPath+UIImage.h */,
				5B5C793A1D25C120009CF5D7 /* UIBezierPath+UIImage.m */,
			);
			name = Categories;
			sourceTree = "<group>";
		};
		5B4C78B51CF116CC00770311 /* List */ = {
			isa = PBXGroup;
			children = (
				5B613D971E43F496006C3A9F /* ProductsListView.xib */,
				5BAB34F91CF105F100AE74DC /* ProductsListView.h */,
				5BAB34FA1CF105F100AE74DC /* ProductsListView.m */,
				9C5AA8101CD02E7100F3DE08 /* ProductsCollectionViewCell.h */,
				9C5AA8111CD02E7100F3DE08 /* ProductsCollectionViewCell.m */,
				5B613D9B1E43F49B006C3A9F /* ProductsCollectionViewCell.xib */,
				5B427E101CECB954000EF9E5 /* HorizontalUICollectionViewFlowLayout.h */,
				5B427E111CECB954000EF9E5 /* HorizontalUICollectionViewFlowLayout.m */,
			);
			name = List;
			sourceTree = "<group>";
		};
		5B4C78B61CF116DD00770311 /* Page */ = {
			isa = PBXGroup;
			children = (
				5B9584DE1C6D23FB00026BB2 /* ProductPageProtocol.h */,
				5B7551A31CCFBE9F007FAF67 /* Video */,
				5B6204441CCA5DCF003C9390 /* Details */,
			);
			name = Page;
			sourceTree = "<group>";
		};
		5B613DB81E44F648006C3A9F /* Test */ = {
			isa = PBXGroup;
			children = (
				5B613DB91E44F648006C3A9F /* applanga_settings.applanga */,
			);
			name = Test;
			path = Applanga/Test;
			sourceTree = "<group>";
		};
		5B6204421CCA5DBB003C9390 /* Discover */ = {
			isa = PBXGroup;
			children = (
				5B613D851E43F459006C3A9F /* DiscoverViews.storyboard */,
				5BE00A1A1D108CFA00C8E72F /* SpinnerViewController.h */,
				5BE00A1B1D108CFA00C8E72F /* SpinnerViewController.m */,
				5B8625CD1C763CE4006869DE /* IndexedViewController.h */,
				5B8625CE1C763CE4006869DE /* IndexedViewController.m */,
				9C5AA8221CD10F9400F3DE08 /* LastPageViewController.h */,
				9C5AA8231CD10F9400F3DE08 /* LastPageViewController.m */,
				5B360E991D086389004B3691 /* SwipeLeftToBeginViewController.h */,
				5B360E9A1D086389004B3691 /* SwipeLeftToBeginViewController.m */,
				5B6B53A01E85BEDE00CE9FD9 /* SinnerView.swift */,
			);
			name = Discover;
			sourceTree = "<group>";
		};
		5B6204431CCA5DC5003C9390 /* Teaser */ = {
			isa = PBXGroup;
			children = (
				5BB4AAC61C4D60B9002C22C8 /* TeaserViewController.h */,
				5BB4AAC71C4D60B9002C22C8 /* TeaserViewController.m */,
			);
			name = Teaser;
			sourceTree = "<group>";
		};
		5B6204441CCA5DCF003C9390 /* Details */ = {
			isa = PBXGroup;
			children = (
				5B625C691D05D602001CA076 /* ImageUICollectionViewCell.h */,
				5B625C6A1D05D602001CA076 /* ImageUICollectionViewCell.m */,
				5BB4AB151C4FC631002C22C8 /* DetailsViewController.h */,
				5BB4AB161C4FC631002C22C8 /* DetailsViewController.m */,
				5B08C4491D1478710090FFCC /* ImageCardViewController.h */,
				5B08C44A1D1478710090FFCC /* ImageCardViewController.m */,
				5BBF17A51D18659700680738 /* DetailsDescriptionViewController.h */,
				5BBF17A61D18659700680738 /* DetailsDescriptionViewController.m */,
				5B2A24FF1D492F5900DCA209 /* SwipeUpExplainerUIViewController.h */,
				5B2A25001D492F5900DCA209 /* SwipeUpExplainerUIViewController.m */,
				5B22CB7D1E84327B00DC8399 /* DetailsHTMLViewController.swift */,
			);
			name = Details;
			sourceTree = "<group>";
		};
		5B6204451CCA5DE1003C9390 /* Player */ = {
			isa = PBXGroup;
			children = (
				5B983CCD1D33E98500D0A3C0 /* FluidView */,
				5B7551931CCE7433007FAF67 /* Li5PlayerUISlider.h */,
				5B7551941CCE7433007FAF67 /* Li5PlayerUISlider.m */,
				5BBC66E71D00A777001BE4BB /* Li5PlayerTimer.h */,
				5BBC66E81D00A777001BE4BB /* Li5PlayerTimer.m */,
				5B5C79401D25CBAA009CF5D7 /* Wave.swift */,
				5B7383391E81B5B10038840A /* ThinPlayerProgressView.swift */,
				5B23E8531E8D4AEC0015A14A /* ThinSliderView.swift */,
			);
			name = Player;
			sourceTree = "<group>";
		};
		5B6204461CCA5DEB003C9390 /* Common */ = {
			isa = PBXGroup;
			children = (
				5BB9255D1D479F640090C144 /* Helpers */,
				5B1EA30B1D1D7DA200EA8519 /* Controllers */,
				5B3435D31D1ACD5000D7F0E7 /* Categories */,
				5BAB34EB1CF1011900AE74DC /* Views */,
				5BAB34EA1CF1010700AE74DC /* Logs */,
				5B360EA71D087524004B3691 /* Li5Constants.h */,
				5B360EA81D087524004B3691 /* Li5Constants.m */,
			);
			name = Common;
			sourceTree = "<group>";
		};
		5B68CDA51E391A9F00539E45 /* Share */ = {
			isa = PBXGroup;
			children = (
				5BC591021E40CFB900E7D407 /* controllers */,
			);
			name = Share;
			sourceTree = "<group>";
		};
		5B68CDA61E391AD600539E45 /* Love */ = {
			isa = PBXGroup;
			children = (
				5B983CD61D356B9C00D0A3C0 /* Heart.h */,
				5B983CD71D356B9C00D0A3C0 /* Heart.m */,
				5B983CD81D356B9C00D0A3C0 /* HeartAnimationView.swift */,
			);
			name = Love;
			sourceTree = "<group>";
		};
		5B75519A1CCFAE88007FAF67 /* Unlock */ = {
			isa = PBXGroup;
			children = (
				5B75519B1CCFAECE007FAF67 /* UnlockedViewController.h */,
				5B75519C1CCFAECE007FAF67 /* UnlockedViewController.m */,
			);
			name = Unlock;
			sourceTree = "<group>";
		};
		5B7551A21CCFBE4E007FAF67 /* Product */ = {
			isa = PBXGroup;
			children = (
				5B4C78B51CF116CC00770311 /* List */,
				5B4C78B61CF116DD00770311 /* Page */,
			);
			name = Product;
			sourceTree = "<group>";
		};
		5B7551A31CCFBE9F007FAF67 /* Video */ = {
			isa = PBXGroup;
			children = (
				5B983CD51D356B9000D0A3C0 /* Actions */,
				5B6204431CCA5DC5003C9390 /* Teaser */,
				5B75519A1CCFAE88007FAF67 /* Unlock */,
				5B6204451CCA5DE1003C9390 /* Player */,
			);
			name = Video;
			sourceTree = "<group>";
		};
		5B983CCD1D33E98500D0A3C0 /* FluidView */ = {
			isa = PBXGroup;
			children = (
				5B983CCE1D3418B100D0A3C0 /* SliderFluidView.h */,
				5B983CCF1D3418B100D0A3C0 /* SliderFluidView.m */,
				5B983CBE1D33E97E00D0A3C0 /* BAFluidView.h */,
				5B983CBF1D33E97E00D0A3C0 /* BAFluidView.m */,
				5B983CC01D33E97E00D0A3C0 /* Constants.h */,
				5B983CC11D33E97E00D0A3C0 /* UIColor+ColorWithHex.h */,
				5B983CC21D33E97E00D0A3C0 /* UIColor+ColorWithHex.m */,
			);
			name = FluidView;
			sourceTree = "<group>";
		};
		5B983CD51D356B9000D0A3C0 /* Actions */ = {
			isa = PBXGroup;
			children = (
				5BBC61E01D047508006B4C68 /* ProductPageActionsView.h */,
				5BBC61E11D047508006B4C68 /* ProductPageActionsView.m */,
				5B613DA51E43F4B2006C3A9F /* ProductPageActionsView.xib */,
				5B68CDA61E391AD600539E45 /* Love */,
				5B68CDA51E391A9F00539E45 /* Share */,
			);
			name = Actions;
			sourceTree = "<group>";
		};
		5BAB34EA1CF1010700AE74DC /* Logs */ = {
			isa = PBXGroup;
			children = (
				5BB4AB011C4E7D52002C22C8 /* Logger.h */,
				5B7551B91CCFED36007FAF67 /* Li5LoggerFormatter.h */,
				5B7551BA1CCFED36007FAF67 /* Li5LoggerFormatter.m */,
				5B2617561CEA12C500B51593 /* CrashlyticsLogger.h */,
				5B2617521CEA12B200B51593 /* CrashlyticsLogger.m */,
				5B5134D91D12FCE900EE374C /* Li5BCLoggerDelegate.h */,
				5B5134DA1D12FCE900EE374C /* Li5BCLoggerDelegate.m */,
			);
			name = Logs;
			sourceTree = "<group>";
		};
		5BAB34EB1CF1011900AE74DC /* Views */ = {
			isa = PBXGroup;
			children = (
				5B08C4501D14791C0090FFCC /* Cards */,
				5BAB34EC1CF1015C00AE74DC /* Li5View.h */,
				5BAB34ED1CF1015C00AE74DC /* Li5View.m */,
				5BBC66D71CFF2D39001BE4BB /* Li5GradientView.h */,
				5BBC66D81CFF2D39001BE4BB /* Li5GradientView.m */,
				5BBC66E21CFF64F6001BE4BB /* Li5BlurredView.h */,
				5BBC66E31CFF64F6001BE4BB /* Li5BlurredView.m */,
				5B5134F81D1304C300EE374C /* Li5VolumeView.h */,
				5B5134F91D1304C300EE374C /* Li5VolumeView.m */,
			);
			name = Views;
			sourceTree = "<group>";
		};
		5BB4AAB41C4D60B9002C22C8 = {
			isa = PBXGroup;
			children = (
				2BA593391EB4258D0065FDD9 /* Li5SDK */,
				5BB4AABF1C4D60B9002C22C8 /* li5 */,
				2BA593441EB4258E0065FDD9 /* Li5SDKTests */,
				2B44F4EE1EBAC4CF00AB18A0 /* DemoSDK */,
				5BB4AABE1C4D60B9002C22C8 /* Products */,
				3F42F740CE8663DBD2D0DCE6 /* Frameworks */,
				FB0AFBF8E94E01415951E979 /* Pods */,
			);
			sourceTree = "<group>";
		};
		5BB4AABE1C4D60B9002C22C8 /* Products */ = {
			isa = PBXGroup;
			children = (
				2BA593381EB4258D0065FDD9 /* Li5SDK.framework */,
				2B44F4ED1EBAC4CF00AB18A0 /* DemoSDK.app */,
			);
			name = Products;
			sourceTree = "<group>";
		};
		5BB4AABF1C4D60B9002C22C8 /* li5 */ = {
			isa = PBXGroup;
			children = (
				5B0CC6841D93230A00FD99A4 /* li5-Test.entitlements */,
				5B0CC6851D93230E00FD99A4 /* li5.entitlements */,
				5B6204421CCA5DBB003C9390 /* Discover */,
				5B7551A21CCFBE4E007FAF67 /* Product */,
				5B6204461CCA5DEB003C9390 /* Common */,
				5BB4AAC01C4D60B9002C22C8 /* Supporting Files */,
			);
			path = li5;
			sourceTree = "<group>";
		};
		5BB4AAC01C4D60B9002C22C8 /* Supporting Files */ = {
			isa = PBXGroup;
			children = (
				5BB4AACC1C4D60B9002C22C8 /* Assets.xcassets */,
				5BE693791CF4C63C00445439 /* Fonts */,
				5BB4AAD11C4D60B9002C22C8 /* Info.plist */,
				5BB4AAC91C4D60B9002C22C8 /* Main.storyboard */,
				5BB4AAC11C4D60B9002C22C8 /* main.m */,
				5BECB7BE1CCD788500D6482C /* Li5-Prefix.pch */,
				5B613DB81E44F648006C3A9F /* Test */,
				5B613DB61E44F63E006C3A9F /* applanga_settings.applanga */,
				5B613D811E43BB41006C3A9F /* Localizable.strings */,
			);
			name = "Supporting Files";
			sourceTree = "<group>";
		};
		5BB9255D1D479F640090C144 /* Helpers */ = {
			isa = PBXGroup;
			children = (
				5B602C841C5A6A9F00F0D362 /* ShapesHelper.h */,
				5B602C851C5A6A9F00F0D362 /* ShapesHelper.m */,
				EF188E471D3EAB45002E173E /* ImageHelper.h */,
				EF188E481D3EAB45002E173E /* ImageHelper.m */,
				5BBDBA071E9680E800F8CA81 /* DeviceManager.swift */,
			);
			name = Helpers;
			sourceTree = "<group>";
		};
		5BBF17A41D18494000680738 /* CollectionView */ = {
			isa = PBXGroup;
			children = (
				5B08C4431D1476C40090FFCC /* CardStackUICollectionViewLayout.swift */,
				5B08C4511D1479800090FFCC /* CardUICollectionViewCell.h */,
				5B08C4521D1479800090FFCC /* CardUICollectionViewCell.m */,
			);
			name = CollectionView;
			sourceTree = "<group>";
		};
		5BC591021E40CFB900E7D407 /* controllers */ = {
			isa = PBXGroup;
			children = (
				5BE6009D1E1564DB007553B8 /* ShareExplainerUIViewController.h */,
				5BE6009E1E1564DB007553B8 /* ShareExplainerUIViewController.m */,
			);
			name = controllers;
			sourceTree = "<group>";
		};
		5BE693791CF4C63C00445439 /* Fonts */ = {
			isa = PBXGroup;
			children = (
				5BE6937A1CF4C63C00445439 /* Rubik-Black.ttf */,
				5BE6937B1CF4C63C00445439 /* Rubik-BlackItalic.ttf */,
				5BE6937C1CF4C63C00445439 /* Rubik-Bold.ttf */,
				5BE6937D1CF4C63C00445439 /* Rubik-BoldItalic.ttf */,
				5BE6937E1CF4C63C00445439 /* Rubik-Italic.ttf */,
				5BE6937F1CF4C63C00445439 /* Rubik-Light.ttf */,
				5BE693801CF4C63C00445439 /* Rubik-LightItalic.ttf */,
				5BE693811CF4C63C00445439 /* Rubik-Medium.ttf */,
				5BE693821CF4C63C00445439 /* Rubik-MediumItalic.ttf */,
				5BE693831CF4C63C00445439 /* Rubik-Regular.ttf */,
			);
			path = Fonts;
			sourceTree = "<group>";
		};
		7818510A1EE9F0C500F124EC /* Video */ = {
			isa = PBXGroup;
			children = (
				7818510B1EE9F12300F124EC /* VideoViewController.swift */,
			);
			name = Video;
			sourceTree = "<group>";
		};
		FB0AFBF8E94E01415951E979 /* Pods */ = {
			isa = PBXGroup;
			children = (
				1053B67F6FFB4C6C85CE982F /* Pods-DemoSDK.debug.xcconfig */,
				63442170E3DFD55EC89DB9FD /* Pods-DemoSDK.release.xcconfig */,
				80DBD9F80C310DAD4C901CAD /* Pods-Li5SDK.debug.xcconfig */,
				0E210ED3071F8970AD216AF8 /* Pods-Li5SDK.release.xcconfig */,
			);
			name = Pods;
			sourceTree = "<group>";
		};
/* End PBXGroup section */

/* Begin PBXHeadersBuildPhase section */
		2BA593351EB4258D0065FDD9 /* Headers */ = {
			isa = PBXHeadersBuildPhase;
			buildActionMask = 2147483647;
			files = (
				2BA594311EB42DA70065FDD9 /* IndexedViewController.h in Headers */,
				2BA594301EB42D920065FDD9 /* ShapesHelper.h in Headers */,
				7818510E1EE9F7D400F124EC /* UnlockedViewController.h in Headers */,
				2BA5942F1EB42D820065FDD9 /* ProductPageProtocol.h in Headers */,
				2BA5942E1EB42D4F0065FDD9 /* DetailsViewController.h in Headers */,
				2BA594341EB42DD10065FDD9 /* UIViewController+Indexed.h in Headers */,
				2BA593481EB4258E0065FDD9 /* Li5SDK.h in Headers */,
				2BA594321EB42DB50065FDD9 /* UIColor+Li5UIColor.h in Headers */,
				2BA594201EB42C370065FDD9 /* Heart.h in Headers */,
				7818510D1EE9F4D300F124EC /* TeaserViewController.h in Headers */,
			);
			runOnlyForDeploymentPostprocessing = 0;
		};
/* End PBXHeadersBuildPhase section */

/* Begin PBXNativeTarget section */
		2B44F4EC1EBAC4CF00AB18A0 /* DemoSDK */ = {
			isa = PBXNativeTarget;
			buildConfigurationList = 2B44F4FE1EBAC4CF00AB18A0 /* Build configuration list for PBXNativeTarget "DemoSDK" */;
			buildPhases = (
				1A0767E2EEF1EED51D82128F /* [CP] Check Pods Manifest.lock */,
				2B44F4E91EBAC4CF00AB18A0 /* Sources */,
				2B44F4EA1EBAC4CF00AB18A0 /* Frameworks */,
				2B44F4EB1EBAC4CF00AB18A0 /* Resources */,
				2B44F5441EBB569800AB18A0 /* Embed Frameworks */,
				2B8BEBEF1EDB173C0037632A /* ShellScript */,
				170213EA277FF25C379E42B6 /* [CP] Embed Pods Frameworks */,
				7E6F608DCF942328DAA578D7 /* [CP] Copy Pods Resources */,
			);
			buildRules = (
			);
			dependencies = (
				2B44F5431EBB569800AB18A0 /* PBXTargetDependency */,
			);
			name = DemoSDK;
			productName = DemoSDK;
			productReference = 2B44F4ED1EBAC4CF00AB18A0 /* DemoSDK.app */;
			productType = "com.apple.product-type.application";
		};
		2BA593371EB4258D0065FDD9 /* Li5SDK */ = {
			isa = PBXNativeTarget;
			buildConfigurationList = 2BA593491EB4258E0065FDD9 /* Build configuration list for PBXNativeTarget "Li5SDK" */;
			buildPhases = (
				38EF572CA367B351A7D17540 /* [CP] Check Pods Manifest.lock */,
				2BA593331EB4258D0065FDD9 /* Sources */,
				2BA593341EB4258D0065FDD9 /* Frameworks */,
				2BA593351EB4258D0065FDD9 /* Headers */,
				2BA593361EB4258D0065FDD9 /* Resources */,
				2B44F5391EBB533100AB18A0 /* CopyFiles */,
				BC7FFDDA7D3FC4E7FBDDC55D /* [CP] Copy Pods Resources */,
			);
			buildRules = (
			);
			dependencies = (
			);
			name = Li5SDK;
			productName = Li5SDK;
			productReference = 2BA593381EB4258D0065FDD9 /* Li5SDK.framework */;
			productType = "com.apple.product-type.framework";
		};
/* End PBXNativeTarget section */

/* Begin PBXProject section */
		5BB4AAB51C4D60B9002C22C8 /* Project object */ = {
			isa = PBXProject;
			attributes = {
				LastSwiftUpdateCheck = 0820;
				LastUpgradeCheck = 0830;
				ORGANIZATIONNAME = "Li5, Inc.";
				TargetAttributes = {
					2B44F4EC1EBAC4CF00AB18A0 = {
						CreatedOnToolsVersion = 8.2.1;
						DevelopmentTeam = B64365EYZ4;
						LastSwiftMigration = 0830;
						ProvisioningStyle = Automatic;
					};
					2BA593371EB4258D0065FDD9 = {
						CreatedOnToolsVersion = 8.2.1;
						DevelopmentTeam = B64365EYZ4;
						LastSwiftMigration = 0830;
						ProvisioningStyle = Automatic;
					};
				};
			};
			buildConfigurationList = 5BB4AAB81C4D60B9002C22C8 /* Build configuration list for PBXProject "li5" */;
			compatibilityVersion = "Xcode 3.2";
			developmentRegion = English;
			hasScannedForEncodings = 0;
			knownRegions = (
				en,
				Base,
			);
			mainGroup = 5BB4AAB41C4D60B9002C22C8;
			productRefGroup = 5BB4AABE1C4D60B9002C22C8 /* Products */;
			projectDirPath = "";
			projectRoot = "";
			targets = (
				2BA593371EB4258D0065FDD9 /* Li5SDK */,
				2B44F4EC1EBAC4CF00AB18A0 /* DemoSDK */,
			);
		};
/* End PBXProject section */

/* Begin PBXResourcesBuildPhase section */
		2B44F4EB1EBAC4CF00AB18A0 /* Resources */ = {
			isa = PBXResourcesBuildPhase;
			buildActionMask = 2147483647;
			files = (
				2B44F51F1EBB454400AB18A0 /* Li5SDK.framework in Resources */,
				2B44F4FA1EBAC4CF00AB18A0 /* LaunchScreen.storyboard in Resources */,
				2B44F4F71EBAC4CF00AB18A0 /* Assets.xcassets in Resources */,
				2B44F4F51EBAC4CF00AB18A0 /* Main.storyboard in Resources */,
			);
			runOnlyForDeploymentPostprocessing = 0;
		};
		2BA593361EB4258D0065FDD9 /* Resources */ = {
			isa = PBXResourcesBuildPhase;
			buildActionMask = 2147483647;
			files = (
				2B84CD1A1EE842A90011F061 /* PageViewController.xib in Resources */,
				2B9CEDC31EC7D29700B6BA73 /* DiscoverViews.storyboard in Resources */,
				2B404C711EC6111C00C2BA1D /* ProductPageViews.storyboard in Resources */,
				2B477EC11EC6C38200C9F10D /* ProductPageActionsView.xib in Resources */,
			);
			runOnlyForDeploymentPostprocessing = 0;
		};
/* End PBXResourcesBuildPhase section */

/* Begin PBXShellScriptBuildPhase section */
		170213EA277FF25C379E42B6 /* [CP] Embed Pods Frameworks */ = {
			isa = PBXShellScriptBuildPhase;
			buildActionMask = 2147483647;
			files = (
			);
			inputPaths = (
			);
			name = "[CP] Embed Pods Frameworks";
			outputPaths = (
			);
			runOnlyForDeploymentPostprocessing = 0;
			shellPath = /bin/sh;
			shellScript = "\"${SRCROOT}/Pods/Target Support Files/Pods-DemoSDK/Pods-DemoSDK-frameworks.sh\"\n";
			showEnvVarsInLog = 0;
		};
		1A0767E2EEF1EED51D82128F /* [CP] Check Pods Manifest.lock */ = {
			isa = PBXShellScriptBuildPhase;
			buildActionMask = 2147483647;
			files = (
			);
			inputPaths = (
			);
			name = "[CP] Check Pods Manifest.lock";
			outputPaths = (
			);
			runOnlyForDeploymentPostprocessing = 0;
			shellPath = /bin/sh;
			shellScript = "diff \"${PODS_PODFILE_DIR_PATH}/Podfile.lock\" \"${PODS_ROOT}/Manifest.lock\" > /dev/null\nif [ $? != 0 ] ; then\n    # print error to STDERR\n    echo \"error: The sandbox is not in sync with the Podfile.lock. Run 'pod install' or update your CocoaPods installation.\" >&2\n    exit 1\nfi\n";
			showEnvVarsInLog = 0;
		};
		2B8BEBEF1EDB173C0037632A /* ShellScript */ = {
			isa = PBXShellScriptBuildPhase;
			buildActionMask = 2147483647;
			files = (
			);
			inputPaths = (
			);
			outputPaths = (
			);
			runOnlyForDeploymentPostprocessing = 0;
			shellPath = /bin/sh;
			shellScript = "\"${PODS_ROOT}/Fabric/run\" 5fc65ced6ab2d25990ed5d5ce0fc5902cadfde38 ed55027d5b51ac3a58762ae2626bc46e2f1eef77e6e84d9922c2fbe7e9c3c5e8";
		};
		38EF572CA367B351A7D17540 /* [CP] Check Pods Manifest.lock */ = {
			isa = PBXShellScriptBuildPhase;
			buildActionMask = 2147483647;
			files = (
			);
			inputPaths = (
			);
			name = "[CP] Check Pods Manifest.lock";
			outputPaths = (
			);
			runOnlyForDeploymentPostprocessing = 0;
			shellPath = /bin/sh;
			shellScript = "diff \"${PODS_PODFILE_DIR_PATH}/Podfile.lock\" \"${PODS_ROOT}/Manifest.lock\" > /dev/null\nif [ $? != 0 ] ; then\n    # print error to STDERR\n    echo \"error: The sandbox is not in sync with the Podfile.lock. Run 'pod install' or update your CocoaPods installation.\" >&2\n    exit 1\nfi\n";
			showEnvVarsInLog = 0;
		};
		7E6F608DCF942328DAA578D7 /* [CP] Copy Pods Resources */ = {
			isa = PBXShellScriptBuildPhase;
			buildActionMask = 2147483647;
			files = (
			);
			inputPaths = (
			);
			name = "[CP] Copy Pods Resources";
			outputPaths = (
			);
			runOnlyForDeploymentPostprocessing = 0;
			shellPath = /bin/sh;
			shellScript = "\"${SRCROOT}/Pods/Target Support Files/Pods-DemoSDK/Pods-DemoSDK-resources.sh\"\n";
			showEnvVarsInLog = 0;
		};
		BC7FFDDA7D3FC4E7FBDDC55D /* [CP] Copy Pods Resources */ = {
			isa = PBXShellScriptBuildPhase;
			buildActionMask = 2147483647;
			files = (
			);
			inputPaths = (
			);
			name = "[CP] Copy Pods Resources";
			outputPaths = (
			);
			runOnlyForDeploymentPostprocessing = 0;
			shellPath = /bin/sh;
			shellScript = "\"${SRCROOT}/Pods/Target Support Files/Pods-Li5SDK/Pods-Li5SDK-resources.sh\"\n";
			showEnvVarsInLog = 0;
		};
/* End PBXShellScriptBuildPhase section */

/* Begin PBXSourcesBuildPhase section */
		2B44F4E91EBAC4CF00AB18A0 /* Sources */ = {
			isa = PBXSourcesBuildPhase;
			buildActionMask = 2147483647;
			files = (
				2B44F4F21EBAC4CF00AB18A0 /* ViewController.swift in Sources */,
				2B44F4F01EBAC4CF00AB18A0 /* AppDelegate.swift in Sources */,
			);
			runOnlyForDeploymentPostprocessing = 0;
		};
		2BA593331EB4258D0065FDD9 /* Sources */ = {
			isa = PBXSourcesBuildPhase;
			buildActionMask = 2147483647;
			files = (
				2BA593661EB4275D0065FDD9 /* SpinnerViewController.m in Sources */,
				2BA5936C1EB4275D0065FDD9 /* IndexedViewController.m in Sources */,
				2B84CD1C1EE8C6C70011F061 /* Displayable.swift in Sources */,
				2BA593701EB4275D0065FDD9 /* SwipeLeftToBeginViewController.m in Sources */,
				2BA593711EB4275D0065FDD9 /* SinnerView.swift in Sources */,
				2BA5938F1EB4275D0065FDD9 /* ProductsListView.m in Sources */,
				2BA593911EB4275D0065FDD9 /* ProductsCollectionViewCell.m in Sources */,
				2BA593931EB4275D0065FDD9 /* HorizontalUICollectionViewFlowLayout.m in Sources */,
				2BA5939A1EB4275D0065FDD9 /* ProductPageActionsView.m in Sources */,
				2B96A1491EE6F2A500093EA3 /* PrimeTimeViewController.swift in Sources */,
				2BA5939C1EB4275D0065FDD9 /* Heart.m in Sources */,
				2BA5939D1EB4275D0065FDD9 /* HeartAnimationView.swift in Sources */,
				2B84CD161EE838680011F061 /* PaginatorViewControllerDelegate.swift in Sources */,
				2BA593A31EB4275D0065FDD9 /* ShareExplainerUIViewController.m in Sources */,
				2BA593AB1EB4275D0065FDD9 /* TeaserViewController.m in Sources */,
				2BA593AE1EB4275D0065FDD9 /* UnlockedViewController.m in Sources */,
				2BA593B01EB4275D0065FDD9 /* SliderFluidView.m in Sources */,
				2BA593B21EB4275D0065FDD9 /* BAFluidView.m in Sources */,
				2BA593B51EB4275D0065FDD9 /* UIColor+ColorWithHex.m in Sources */,
				2BA593B71EB4275D0065FDD9 /* Li5PlayerUISlider.m in Sources */,
				2BA593B91EB4275D0065FDD9 /* Li5PlayerTimer.m in Sources */,
				2BA593BA1EB4275D0065FDD9 /* Wave.swift in Sources */,
				2BA593BB1EB4275D0065FDD9 /* ThinPlayerProgressView.swift in Sources */,
				2B96A1471EE6E01400093EA3 /* PrimeTimeViewControllerDataSource.swift in Sources */,
				2BA593BC1EB4275D0065FDD9 /* ThinSliderView.swift in Sources */,
				2BA593BE1EB4275D0065FDD9 /* ImageUICollectionViewCell.m in Sources */,
				2BA593C01EB4275D0065FDD9 /* DetailsViewController.m in Sources */,
				2BA593C21EB4275D0065FDD9 /* ImageCardViewController.m in Sources */,
				2BA593C41EB4275D0065FDD9 /* DetailsDescriptionViewController.m in Sources */,
				2BA789381EE470F0009385BA /* SDKLogger.swift in Sources */,
				2BA593C61EB4275D0065FDD9 /* SwipeUpExplainerUIViewController.m in Sources */,
				2B4D4F891EB9899A00B23EA8 /* DetailsHTMLViewController.swift in Sources */,
				2BA593EB1EB4275D0065FDD9 /* ShapesHelper.m in Sources */,
				2BA593ED1EB4275D0065FDD9 /* ImageHelper.m in Sources */,
				2BA593EE1EB4275D0065FDD9 /* DeviceManager.swift in Sources */,
				2B84CD141EE837DC0011F061 /* PaginatorViewControllerDataSource.swift in Sources */,
				2BA593F41EB4275D0065FDD9 /* NSObject+Li5.m in Sources */,
				2B84CD0D1EE835BE0011F061 /* PaginatorViewController.swift in Sources */,
				2BA593F61EB4275D0065FDD9 /* UIColor+Li5UIColor.m in Sources */,
				2B96A1451EE6CD0A00093EA3 /* ProductPageViewController.swift in Sources */,
				2BA593F81EB4275D0065FDD9 /* UIImage+Li5.m in Sources */,
				2BA593FA1EB4275D0065FDD9 /* UILabel+Li5.m in Sources */,
				2BA593FC1EB4275D0065FDD9 /* UIView+Li5.m in Sources */,
				2BA593FE1EB4275D0065FDD9 /* UIViewController+Indexed.m in Sources */,
				2BA594001EB4275D0065FDD9 /* UIBezierPath+UIImage.m in Sources */,
				2BA594011EB4275D0065FDD9 /* CardStackUICollectionViewLayout.swift in Sources */,
				2BA594031EB4275D0065FDD9 /* CardUICollectionViewCell.m in Sources */,
				2BA594051EB4275D0065FDD9 /* CardUIView.m in Sources */,
				2BA594071EB4275D0065FDD9 /* Li5View.m in Sources */,
				2BA594091EB4275D0065FDD9 /* Li5GradientView.m in Sources */,
				2BA5940B1EB4275D0065FDD9 /* Li5BlurredView.m in Sources */,
				2BA5940D1EB4275D0065FDD9 /* Li5VolumeView.m in Sources */,
				2BA594101EB4275D0065FDD9 /* Li5LoggerFormatter.m in Sources */,
				7818510C1EE9F12300F124EC /* VideoViewController.swift in Sources */,
				2BA594121EB4275D0065FDD9 /* CrashlyticsLogger.m in Sources */,
				2BA594141EB4275D0065FDD9 /* Li5BCLoggerDelegate.m in Sources */,
				2BA594161EB4275D0065FDD9 /* Li5Constants.m in Sources */,
				2BA5934F1EB426220065FDD9 /* Li5SDK.swift in Sources */,
			);
			runOnlyForDeploymentPostprocessing = 0;
		};
/* End PBXSourcesBuildPhase section */

/* Begin PBXTargetDependency section */
		2B44F5431EBB569800AB18A0 /* PBXTargetDependency */ = {
			isa = PBXTargetDependency;
			target = 2BA593371EB4258D0065FDD9 /* Li5SDK */;
			targetProxy = 2B44F5421EBB569800AB18A0 /* PBXContainerItemProxy */;
		};
/* End PBXTargetDependency section */

/* Begin PBXVariantGroup section */
		2B44F4F31EBAC4CF00AB18A0 /* Main.storyboard */ = {
			isa = PBXVariantGroup;
			children = (
				2B44F4F41EBAC4CF00AB18A0 /* Base */,
			);
			name = Main.storyboard;
			sourceTree = "<group>";
		};
		2B44F4F81EBAC4CF00AB18A0 /* LaunchScreen.storyboard */ = {
			isa = PBXVariantGroup;
			children = (
				2B44F4F91EBAC4CF00AB18A0 /* Base */,
			);
			name = LaunchScreen.storyboard;
			sourceTree = "<group>";
		};
		5B613D811E43BB41006C3A9F /* Localizable.strings */ = {
			isa = PBXVariantGroup;
			children = (
				5B613D801E43BB41006C3A9F /* Base */,
			);
			name = Localizable.strings;
			sourceTree = "<group>";
		};
		5B613D851E43F459006C3A9F /* DiscoverViews.storyboard */ = {
			isa = PBXVariantGroup;
			children = (
				5B613D841E43F459006C3A9F /* Base */,
			);
			name = DiscoverViews.storyboard;
			sourceTree = "<group>";
		};
		5B613D971E43F496006C3A9F /* ProductsListView.xib */ = {
			isa = PBXVariantGroup;
			children = (
				5B613D961E43F496006C3A9F /* Base */,
			);
			name = ProductsListView.xib;
			sourceTree = "<group>";
		};
		5B613D9B1E43F49B006C3A9F /* ProductsCollectionViewCell.xib */ = {
			isa = PBXVariantGroup;
			children = (
				5B613D9A1E43F49B006C3A9F /* Base */,
			);
			name = ProductsCollectionViewCell.xib;
			sourceTree = "<group>";
		};
		5B613DA01E43F4A9006C3A9F /* ProductPageViews.storyboard */ = {
			isa = PBXVariantGroup;
			children = (
				5B613D9F1E43F4A9006C3A9F /* Base */,
			);
			name = ProductPageViews.storyboard;
			path = ../li5;
			sourceTree = "<group>";
		};
		5B613DA51E43F4B2006C3A9F /* ProductPageActionsView.xib */ = {
			isa = PBXVariantGroup;
			children = (
				5B613DA41E43F4B2006C3A9F /* Base */,
			);
			name = ProductPageActionsView.xib;
			sourceTree = "<group>";
		};
		5BB4AAC91C4D60B9002C22C8 /* Main.storyboard */ = {
			isa = PBXVariantGroup;
			children = (
				5BB4AACA1C4D60B9002C22C8 /* Base */,
			);
			name = Main.storyboard;
			sourceTree = "<group>";
		};
/* End PBXVariantGroup section */

/* Begin XCBuildConfiguration section */
		2B44F4FC1EBAC4CF00AB18A0 /* Debug */ = {
			isa = XCBuildConfiguration;
			baseConfigurationReference = 1053B67F6FFB4C6C85CE982F /* Pods-DemoSDK.debug.xcconfig */;
			buildSettings = {
				ALWAYS_EMBED_SWIFT_STANDARD_LIBRARIES = YES;
				ASSETCATALOG_COMPILER_APPICON_NAME = AppIcon;
				CLANG_ANALYZER_NONNULL = YES;
				CLANG_WARN_DOCUMENTATION_COMMENTS = YES;
				"CODE_SIGN_IDENTITY[sdk=iphoneos*]" = "iPhone Developer";
				DEBUG_INFORMATION_FORMAT = "dwarf-with-dsym";
				DEVELOPMENT_TEAM = "";
				FRAMEWORK_SEARCH_PATHS = (
					"$(inherited)",
					"$(PROJECT_DIR)/DerivedData/li5/Build/Products/Debug-iphonesimulator/Li5Api",
					"$(PROJECT_DIR)",
					"$(PROJECT_DIR)/DerivedData/li5/Build/Products/Debug-iphonesimulator/AFNetworking",
				);
				GCC_PREPROCESSOR_DEFINITIONS = (
					"DEBUG=1",
					"$(inherited)",
				);
				INFOPLIST_FILE = DemoSDK/Info.plist;
				IPHONEOS_DEPLOYMENT_TARGET = 10.2;
				LD_RUNPATH_SEARCH_PATHS = "$(inherited) @executable_path/Frameworks";
				PRODUCT_BUNDLE_IDENTIFIER = com.li5.sdk.demoone;
				PRODUCT_NAME = "$(TARGET_NAME)";
				PROVISIONING_PROFILE = "";
				PROVISIONING_PROFILE_SPECIFIER = "";
				SWIFT_ACTIVE_COMPILATION_CONDITIONS = DEBUG;
				SWIFT_OPTIMIZATION_LEVEL = "-Onone";
				SWIFT_VERSION = 3.0;
				TARGETED_DEVICE_FAMILY = "1,2";
			};
			name = Debug;
		};
		2B44F4FD1EBAC4CF00AB18A0 /* Release */ = {
			isa = XCBuildConfiguration;
			baseConfigurationReference = 63442170E3DFD55EC89DB9FD /* Pods-DemoSDK.release.xcconfig */;
			buildSettings = {
				ALWAYS_EMBED_SWIFT_STANDARD_LIBRARIES = YES;
				ASSETCATALOG_COMPILER_APPICON_NAME = AppIcon;
				CLANG_ANALYZER_NONNULL = YES;
				CLANG_WARN_DOCUMENTATION_COMMENTS = YES;
				"CODE_SIGN_IDENTITY[sdk=iphoneos*]" = "iPhone Developer";
				DEVELOPMENT_TEAM = "";
				FRAMEWORK_SEARCH_PATHS = (
					"$(inherited)",
					"$(PROJECT_DIR)/DerivedData/li5/Build/Products/Debug-iphonesimulator/Li5Api",
					"$(PROJECT_DIR)",
					"$(PROJECT_DIR)/DerivedData/li5/Build/Products/Debug-iphonesimulator/AFNetworking",
				);
				INFOPLIST_FILE = DemoSDK/Info.plist;
				IPHONEOS_DEPLOYMENT_TARGET = 10.2;
				LD_RUNPATH_SEARCH_PATHS = "$(inherited) @executable_path/Frameworks";
				PRODUCT_BUNDLE_IDENTIFIER = com.li5.sdk.demoone;
				PRODUCT_NAME = "$(TARGET_NAME)";
				PROVISIONING_PROFILE = "";
				PROVISIONING_PROFILE_SPECIFIER = "";
				SWIFT_VERSION = 3.0;
				TARGETED_DEVICE_FAMILY = "1,2";
			};
			name = Release;
		};
		2BA5934A1EB4258E0065FDD9 /* Debug */ = {
			isa = XCBuildConfiguration;
			baseConfigurationReference = 80DBD9F80C310DAD4C901CAD /* Pods-Li5SDK.debug.xcconfig */;
			buildSettings = {
				ALWAYS_EMBED_SWIFT_STANDARD_LIBRARIES = YES;
				CLANG_ANALYZER_NONNULL = YES;
				CLANG_WARN_DOCUMENTATION_COMMENTS = YES;
				CODE_SIGN_IDENTITY = "";
				"CODE_SIGN_IDENTITY[sdk=iphoneos*]" = "";
				CURRENT_PROJECT_VERSION = 3;
				DEBUG_INFORMATION_FORMAT = "dwarf-with-dsym";
				DEFINES_MODULE = YES;
				DEVELOPMENT_TEAM = B64365EYZ4;
				DYLIB_COMPATIBILITY_VERSION = 1;
				DYLIB_CURRENT_VERSION = 3;
				DYLIB_INSTALL_NAME_BASE = "@rpath";
				FRAMEWORK_SEARCH_PATHS = (
					"$(inherited)",
					"$(PROJECT_DIR)/DerivedData/li5/Build/Products/Debug-iphonesimulator/SnapKit",
					"$(PROJECT_DIR)/DerivedData/li5/Build/Products/Debug-iphonesimulator",
					"$(PROJECT_DIR)/DerivedData/li5/Build/Products/Debug-iphonesimulator/Li5Api",
					"$(PROJECT_DIR)/DerivedData/li5/Build/Products/Debug-iphonesimulator/SAMKeychain",
					"$(PROJECT_DIR)/DerivedData/li5/Build/Products/Debug-iphonesimulator/AFNetworking",
					"$(PROJECT_DIR)/DerivedData/li5/Build/Products/Debug-iphonesimulator/JSONModel",
					"$(PROJECT_DIR)/DerivedData/li5/Build/Products/Debug-iphonesimulator/BCVideoPlayer",
					"$(PROJECT_DIR)/DerivedData/li5/Build/Products/Debug-iphonesimulator/CocoaLumberjack",
				);
				GCC_PREPROCESSOR_DEFINITIONS = (
					"DEBUG=1",
					"$(inherited)",
				);
				INFOPLIST_FILE = Li5SDK/Info.plist;
				INSTALL_PATH = "$(LOCAL_LIBRARY_DIR)/Frameworks";
				IPHONEOS_DEPLOYMENT_TARGET = 10.2;
				LD_RUNPATH_SEARCH_PATHS = "$(inherited) @executable_path/Frameworks @loader_path/Frameworks";
				PRODUCT_BUNDLE_IDENTIFIER = com.li5.sdk;
				PRODUCT_MODULE_NAME = Li5SDK;
				PRODUCT_NAME = "$(TARGET_NAME)";
				SKIP_INSTALL = YES;
				SWIFT_ACTIVE_COMPILATION_CONDITIONS = DEBUG;
				SWIFT_OBJC_BRIDGING_HEADER = "";
				SWIFT_OPTIMIZATION_LEVEL = "-Onone";
				SWIFT_VERSION = 3.0;
				TARGETED_DEVICE_FAMILY = "1,2";
				VERSION_INFO_PREFIX = "";
			};
			name = Debug;
		};
		2BA5934B1EB4258E0065FDD9 /* Release */ = {
			isa = XCBuildConfiguration;
			baseConfigurationReference = 0E210ED3071F8970AD216AF8 /* Pods-Li5SDK.release.xcconfig */;
			buildSettings = {
				ALWAYS_EMBED_SWIFT_STANDARD_LIBRARIES = YES;
				CLANG_ANALYZER_NONNULL = YES;
				CLANG_WARN_DOCUMENTATION_COMMENTS = YES;
				CODE_SIGN_IDENTITY = "";
				"CODE_SIGN_IDENTITY[sdk=iphoneos*]" = "";
				CURRENT_PROJECT_VERSION = 3;
				DEBUG_INFORMATION_FORMAT = "dwarf-with-dsym";
				DEFINES_MODULE = YES;
				DEVELOPMENT_TEAM = B64365EYZ4;
				DYLIB_COMPATIBILITY_VERSION = 1;
				DYLIB_CURRENT_VERSION = 3;
				DYLIB_INSTALL_NAME_BASE = "@rpath";
				FRAMEWORK_SEARCH_PATHS = (
					"$(inherited)",
					"$(PROJECT_DIR)/DerivedData/li5/Build/Products/Debug-iphonesimulator/SnapKit",
					"$(PROJECT_DIR)/DerivedData/li5/Build/Products/Debug-iphonesimulator",
					"$(PROJECT_DIR)/DerivedData/li5/Build/Products/Debug-iphonesimulator/Li5Api",
					"$(PROJECT_DIR)/DerivedData/li5/Build/Products/Debug-iphonesimulator/SAMKeychain",
					"$(PROJECT_DIR)/DerivedData/li5/Build/Products/Debug-iphonesimulator/AFNetworking",
					"$(PROJECT_DIR)/DerivedData/li5/Build/Products/Debug-iphonesimulator/JSONModel",
					"$(PROJECT_DIR)/DerivedData/li5/Build/Products/Debug-iphonesimulator/BCVideoPlayer",
					"$(PROJECT_DIR)/DerivedData/li5/Build/Products/Debug-iphonesimulator/CocoaLumberjack",
				);
				INFOPLIST_FILE = Li5SDK/Info.plist;
				INSTALL_PATH = "$(LOCAL_LIBRARY_DIR)/Frameworks";
				IPHONEOS_DEPLOYMENT_TARGET = 10.2;
				LD_RUNPATH_SEARCH_PATHS = "$(inherited) @executable_path/Frameworks @loader_path/Frameworks";
				PRODUCT_BUNDLE_IDENTIFIER = com.li5.sdk;
				PRODUCT_MODULE_NAME = Li5SDK;
				PRODUCT_NAME = "$(TARGET_NAME)";
				SKIP_INSTALL = YES;
				SWIFT_OBJC_BRIDGING_HEADER = "";
				SWIFT_OPTIMIZATION_LEVEL = "-Onone";
				SWIFT_VERSION = 3.0;
				TARGETED_DEVICE_FAMILY = "1,2";
				VERSION_INFO_PREFIX = "";
			};
			name = Release;
		};
		5BB4AAE81C4D60B9002C22C8 /* Debug */ = {
			isa = XCBuildConfiguration;
			buildSettings = {
				ALWAYS_SEARCH_USER_PATHS = NO;
				CLANG_ALLOW_NON_MODULAR_INCLUDES_IN_FRAMEWORK_MODULES = YES;
				CLANG_CXX_LANGUAGE_STANDARD = "gnu++0x";
				CLANG_CXX_LIBRARY = "libc++";
				CLANG_ENABLE_MODULES = YES;
				CLANG_ENABLE_OBJC_ARC = YES;
				CLANG_WARN_BOOL_CONVERSION = YES;
				CLANG_WARN_CONSTANT_CONVERSION = YES;
				CLANG_WARN_DIRECT_OBJC_ISA_USAGE = YES_ERROR;
				CLANG_WARN_EMPTY_BODY = YES;
				CLANG_WARN_ENUM_CONVERSION = YES;
				CLANG_WARN_INFINITE_RECURSION = YES;
				CLANG_WARN_INT_CONVERSION = YES;
				CLANG_WARN_OBJC_ROOT_CLASS = YES_ERROR;
				CLANG_WARN_SUSPICIOUS_MOVE = YES;
				CLANG_WARN_UNREACHABLE_CODE = YES;
				CLANG_WARN__DUPLICATE_METHOD_MATCH = YES;
				CODE_SIGN_IDENTITY = "iPhone Developer: Mariano Fernandez (FQAYVHL3TJ)";
				"CODE_SIGN_IDENTITY[sdk=iphoneos*]" = "iPhone Developer: Mariano Fernandez (FQAYVHL3TJ)";
				COPY_PHASE_STRIP = NO;
				CURRENT_PROJECT_VERSION = 3;
				DEBUG_INFORMATION_FORMAT = "dwarf-with-dsym";
				DEFINES_MODULE = YES;
				DEVELOPMENT_TEAM = B64365EYZ4;
				ENABLE_STRICT_OBJC_MSGSEND = YES;
				ENABLE_TESTABILITY = YES;
				GCC_C_LANGUAGE_STANDARD = gnu99;
				GCC_DYNAMIC_NO_PIC = NO;
				GCC_NO_COMMON_BLOCKS = YES;
				GCC_OPTIMIZATION_LEVEL = 0;
				GCC_PREFIX_HEADER = "li5/Li5-Prefix.pch";
				GCC_PREPROCESSOR_DEFINITIONS = (
					"$(inherited)",
					"__GCDWEBSERVER_LOGGING_HEADER__=\\\"Logger.h\\\"",
					"DEBUG=1",
				);
				GCC_WARN_64_TO_32_BIT_CONVERSION = YES;
				GCC_WARN_ABOUT_RETURN_TYPE = YES_ERROR;
				GCC_WARN_UNDECLARED_SELECTOR = YES;
				GCC_WARN_UNINITIALIZED_AUTOS = YES_AGGRESSIVE;
				GCC_WARN_UNUSED_FUNCTION = YES;
				GCC_WARN_UNUSED_VARIABLE = YES;
				IPHONEOS_DEPLOYMENT_TARGET = 8.0;
				MTL_ENABLE_DEBUG_INFO = YES;
				ONLY_ACTIVE_ARCH = YES;
				PRODUCT_MODULE_NAME = Li5;
				SDKROOT = iphoneos;
				VERSIONING_SYSTEM = "apple-generic";
			};
			name = Debug;
		};
		5BB4AAE91C4D60B9002C22C8 /* Release */ = {
			isa = XCBuildConfiguration;
			buildSettings = {
				ALWAYS_SEARCH_USER_PATHS = NO;
				CLANG_ALLOW_NON_MODULAR_INCLUDES_IN_FRAMEWORK_MODULES = YES;
				CLANG_CXX_LANGUAGE_STANDARD = "gnu++0x";
				CLANG_CXX_LIBRARY = "libc++";
				CLANG_ENABLE_MODULES = YES;
				CLANG_ENABLE_OBJC_ARC = YES;
				CLANG_WARN_BOOL_CONVERSION = YES;
				CLANG_WARN_CONSTANT_CONVERSION = YES;
				CLANG_WARN_DIRECT_OBJC_ISA_USAGE = YES_ERROR;
				CLANG_WARN_EMPTY_BODY = YES;
				CLANG_WARN_ENUM_CONVERSION = YES;
				CLANG_WARN_INFINITE_RECURSION = YES;
				CLANG_WARN_INT_CONVERSION = YES;
				CLANG_WARN_OBJC_ROOT_CLASS = YES_ERROR;
				CLANG_WARN_SUSPICIOUS_MOVE = YES;
				CLANG_WARN_UNREACHABLE_CODE = YES;
				CLANG_WARN__DUPLICATE_METHOD_MATCH = YES;
				CODE_SIGN_IDENTITY = "iPhone Distribution: Li5, Inc (B64365EYZ4)";
				"CODE_SIGN_IDENTITY[sdk=iphoneos*]" = "iPhone Distribution: Li5, Inc (B64365EYZ4)";
				COPY_PHASE_STRIP = NO;
				CURRENT_PROJECT_VERSION = 3;
				DEBUG_INFORMATION_FORMAT = "dwarf-with-dsym";
				DEFINES_MODULE = YES;
				DEVELOPMENT_TEAM = B64365EYZ4;
				ENABLE_NS_ASSERTIONS = NO;
				ENABLE_STRICT_OBJC_MSGSEND = YES;
				GCC_C_LANGUAGE_STANDARD = gnu99;
				GCC_NO_COMMON_BLOCKS = YES;
				GCC_PREFIX_HEADER = "li5/Li5-Prefix.pch";
				GCC_PREPROCESSOR_DEFINITIONS = "__GCDWEBSERVER_LOGGING_HEADER__=\\\"Logger.h\\\"";
				GCC_WARN_64_TO_32_BIT_CONVERSION = YES;
				GCC_WARN_ABOUT_RETURN_TYPE = YES_ERROR;
				GCC_WARN_UNDECLARED_SELECTOR = YES;
				GCC_WARN_UNINITIALIZED_AUTOS = YES_AGGRESSIVE;
				GCC_WARN_UNUSED_FUNCTION = YES;
				GCC_WARN_UNUSED_VARIABLE = YES;
				IPHONEOS_DEPLOYMENT_TARGET = 8.0;
				MTL_ENABLE_DEBUG_INFO = NO;
				PRODUCT_MODULE_NAME = Li5;
				SDKROOT = iphoneos;
				SWIFT_OPTIMIZATION_LEVEL = "-Owholemodule";
				VALIDATE_PRODUCT = YES;
				VERSIONING_SYSTEM = "apple-generic";
			};
			name = Release;
		};
/* End XCBuildConfiguration section */

/* Begin XCConfigurationList section */
		2B44F4FE1EBAC4CF00AB18A0 /* Build configuration list for PBXNativeTarget "DemoSDK" */ = {
			isa = XCConfigurationList;
			buildConfigurations = (
				2B44F4FC1EBAC4CF00AB18A0 /* Debug */,
				2B44F4FD1EBAC4CF00AB18A0 /* Release */,
			);
			defaultConfigurationIsVisible = 0;
			defaultConfigurationName = Release;
		};
		2BA593491EB4258E0065FDD9 /* Build configuration list for PBXNativeTarget "Li5SDK" */ = {
			isa = XCConfigurationList;
			buildConfigurations = (
				2BA5934A1EB4258E0065FDD9 /* Debug */,
				2BA5934B1EB4258E0065FDD9 /* Release */,
			);
			defaultConfigurationIsVisible = 0;
			defaultConfigurationName = Release;
		};
		5BB4AAB81C4D60B9002C22C8 /* Build configuration list for PBXProject "li5" */ = {
			isa = XCConfigurationList;
			buildConfigurations = (
				5BB4AAE81C4D60B9002C22C8 /* Debug */,
				5BB4AAE91C4D60B9002C22C8 /* Release */,
			);
			defaultConfigurationIsVisible = 0;
			defaultConfigurationName = Release;
		};
/* End XCConfigurationList section */
	};
	rootObject = 5BB4AAB51C4D60B9002C22C8 /* Project object */;
}
